
Microsoft Visual Studio Solution File, Format Version 10.00
# Visual Studio 2008
Project("{8BC9CEB8-8B4A-11D0-8D11-00A0C91BC942}") = "base", "base\base.vcproj", "{12A455D5-6AD0-4334-B8AD-F38C9EFC9420}"
	ProjectSection(ProjectDependencies) = postProject
		{56558867-9775-4998-A441-591E8D2775B7} = {56558867-9775-4998-A441-591E8D2775B7}
	EndProjectSection
EndProject
Project("{2150E333-8FDC-42A3-9474-1A3956D46DE8}") = "third_party", "third_party", "{BCF77581-80B6-459E-9459-271248A39EEF}"
EndProject
Project("{8BC9CEB8-8B4A-11D0-8D11-00A0C91BC942}") = "modp_b64", "third_party\modp_b64\modp_b64.vcproj", "{43807E9E-3D83-E8E4-8CD1-13E98FFC6045}"
EndProject
Project("{8BC9CEB8-8B4A-11D0-8D11-00A0C91BC942}") = "zlib", "third_party\zlib\zlib.vcproj", "{E798F469-96F1-BC24-1ABE-D8C3C25A40B5}"
EndProject
Project("{8BC9CEB8-8B4A-11D0-8D11-00A0C91BC942}") = "libevent", "third_party\libevent\libevent.vcproj", "{56558867-9775-4998-A441-591E8D2775B7}"
EndProject
Project("{2150E333-8FDC-42A3-9474-1A3956D46DE8}") = "engine", "engine", "{1EA900EE-7524-40FC-8AAF-0B8D77282FA6}"
EndProject
Project("{8BC9CEB8-8B4A-11D0-8D11-00A0C91BC942}") = "base2", "base2\base2.vcproj", "{3B0E5FD2-E5C1-4DAD-8698-A4CD1F0101B9}"
EndProject
Project("{8BC9CEB8-8B4A-11D0-8D11-00A0C91BC942}") = "luabind", "luabind\luabind.vcproj", "{507B3B66-198E-47D3-BBDB-360A39351079}"
EndProject
Project("{8BC9CEB8-8B4A-11D0-8D11-00A0C91BC942}") = "scriptengine", "scriptengine\scriptengine.vcproj", "{8C1B25CA-2D7D-415F-A6B5-70E90E928E63}"
EndProject
Project("{8BC9CEB8-8B4A-11D0-8D11-00A0C91BC942}") = "db", "db\db.vcproj", "{E87CE0C5-E05A-41EF-8266-CAC48ABE3DE7}"
EndProject
Project("{8BC9CEB8-8B4A-11D0-8D11-00A0C91BC942}") = "net", "net\net.vcproj", "{B2A0D123-FAC5-4848-BF21-F9BCAEEDF006}"
	ProjectSection(ProjectDependencies) = postProject
		{12A455D5-6AD0-4334-B8AD-F38C9EFC9420} = {12A455D5-6AD0-4334-B8AD-F38C9EFC9420}
	EndProjectSection
EndProject
Project("{8BC9CEB8-8B4A-11D0-8D11-00A0C91BC942}") = "engine_sdk", "engine_sdk.vcproj", "{7C66F315-4023-4309-ACE6-4CFECEE6C769}"
EndProject
Global
	GlobalSection(SolutionConfigurationPlatforms) = preSolution
		Debug|Win32 = Debug|Win32
		Debug|x64 = Debug|x64
		Release|Win32 = Release|Win32
		Release|x64 = Release|x64
	EndGlobalSection
	GlobalSection(ProjectConfigurationPlatforms) = postSolution
		{12A455D5-6AD0-4334-B8AD-F38C9EFC9420}.Debug|Win32.ActiveCfg = Debug|Win32
		{12A455D5-6AD0-4334-B8AD-F38C9EFC9420}.Debug|Win32.Build.0 = Debug|Win32
		{12A455D5-6AD0-4334-B8AD-F38C9EFC9420}.Debug|x64.ActiveCfg = Debug|Win32
		{12A455D5-6AD0-4334-B8AD-F38C9EFC9420}.Release|Win32.ActiveCfg = Release|Win32
		{12A455D5-6AD0-4334-B8AD-F38C9EFC9420}.Release|Win32.Build.0 = Release|Win32
		{12A455D5-6AD0-4334-B8AD-F38C9EFC9420}.Release|x64.ActiveCfg = Release|Win32
		{43807E9E-3D83-E8E4-8CD1-13E98FFC6045}.Debug|Win32.ActiveCfg = Debug|Win32
		{43807E9E-3D83-E8E4-8CD1-13E98FFC6045}.Debug|Win32.Build.0 = Debug|Win32
		{43807E9E-3D83-E8E4-8CD1-13E98FFC6045}.Debug|x64.ActiveCfg = Debug|x64
		{43807E9E-3D83-E8E4-8CD1-13E98FFC6045}.Debug|x64.Build.0 = Debug|x64
		{43807E9E-3D83-E8E4-8CD1-13E98FFC6045}.Release|Win32.ActiveCfg = Release|Win32
		{43807E9E-3D83-E8E4-8CD1-13E98FFC6045}.Release|Win32.Build.0 = Release|Win32
		{43807E9E-3D83-E8E4-8CD1-13E98FFC6045}.Release|x64.ActiveCfg = Release|x64
		{43807E9E-3D83-E8E4-8CD1-13E98FFC6045}.Release|x64.Build.0 = Release|x64
		{E798F469-96F1-BC24-1ABE-D8C3C25A40B5}.Debug|Win32.ActiveCfg = Debug|Win32
		{E798F469-96F1-BC24-1ABE-D8C3C25A40B5}.Debug|Win32.Build.0 = Debug|Win32
		{E798F469-96F1-BC24-1ABE-D8C3C25A40B5}.Debug|x64.ActiveCfg = Debug|x64
		{E798F469-96F1-BC24-1ABE-D8C3C25A40B5}.Debug|x64.Build.0 = Debug|x64
		{E798F469-96F1-BC24-1ABE-D8C3C25A40B5}.Release|Win32.ActiveCfg = Release|Win32
		{E798F469-96F1-BC24-1ABE-D8C3C25A40B5}.Release|Win32.Build.0 = Release|Win32
		{E798F469-96F1-BC24-1ABE-D8C3C25A40B5}.Release|x64.ActiveCfg = Release|x64
		{E798F469-96F1-BC24-1ABE-D8C3C25A40B5}.Release|x64.Build.0 = Release|x64
		{56558867-9775-4998-A441-591E8D2775B7}.Debug|Win32.ActiveCfg = Debug|Win32
		{56558867-9775-4998-A441-591E8D2775B7}.Debug|Win32.Build.0 = Debug|Win32
		{56558867-9775-4998-A441-591E8D2775B7}.Debug|x64.ActiveCfg = Debug|Win32
		{56558867-9775-4998-A441-591E8D2775B7}.Release|Win32.ActiveCfg = Release|Win32
		{56558867-9775-4998-A441-591E8D2775B7}.Release|Win32.Build.0 = Release|Win32
		{56558867-9775-4998-A441-591E8D2775B7}.Release|x64.ActiveCfg = Release|Win32
		{3B0E5FD2-E5C1-4DAD-8698-A4CD1F0101B9}.Debug|Win32.ActiveCfg = Debug|Win32
		{3B0E5FD2-E5C1-4DAD-8698-A4CD1F0101B9}.Debug|Win32.Build.0 = Debug|Win32
		{3B0E5FD2-E5C1-4DAD-8698-A4CD1F0101B9}.Debug|x64.ActiveCfg = Debug|Win32
		{3B0E5FD2-E5C1-4DAD-8698-A4CD1F0101B9}.Release|Win32.ActiveCfg = Release|Win32
		{3B0E5FD2-E5C1-4DAD-8698-A4CD1F0101B9}.Release|Win32.Build.0 = Release|Win32
		{3B0E5FD2-E5C1-4DAD-8698-A4CD1F0101B9}.Release|x64.ActiveCfg = Release|Win32
		{507B3B66-198E-47D3-BBDB-360A39351079}.Debug|Win32.ActiveCfg = Debug|Win32
		{507B3B66-198E-47D3-BBDB-360A39351079}.Debug|Win32.Build.0 = Debug|Win32
		{507B3B66-198E-47D3-BBDB-360A39351079}.Debug|x64.ActiveCfg = Debug|Win32
		{507B3B66-198E-47D3-BBDB-360A39351079}.Release|Win32.ActiveCfg = Release|Win32
		{507B3B66-198E-47D3-BBDB-360A39351079}.Release|Win32.Build.0 = Release|Win32
		{507B3B66-198E-47D3-BBDB-360A39351079}.Release|x64.ActiveCfg = Release|Win32
		{8C1B25CA-2D7D-415F-A6B5-70E90E928E63}.Debug|Win32.ActiveCfg = Debug|Win32
		{8C1B25CA-2D7D-415F-A6B5-70E90E928E63}.Debug|Win32.Build.0 = Debug|Win32
		{8C1B25CA-2D7D-415F-A6B5-70E90E928E63}.Debug|x64.ActiveCfg = Debug|Win32
		{8C1B25CA-2D7D-415F-A6B5-70E90E928E63}.Release|Win32.ActiveCfg = Release|Win32
		{8C1B25CA-2D7D-415F-A6B5-70E90E928E63}.Release|Win32.Build.0 = Release|Win32
		{8C1B25CA-2D7D-415F-A6B5-70E90E928E63}.Release|x64.ActiveCfg = Release|Win32
		{E87CE0C5-E05A-41EF-8266-CAC48ABE3DE7}.Debug|Win32.ActiveCfg = Debug|Win32
		{E87CE0C5-E05A-41EF-8266-CAC48ABE3DE7}.Debug|Win32.Build.0 = Debug|Win32
		{E87CE0C5-E05A-41EF-8266-CAC48ABE3DE7}.Debug|x64.ActiveCfg = Debug|Win32
		{E87CE0C5-E05A-41EF-8266-CAC48ABE3DE7}.Release|Win32.ActiveCfg = Release|Win32
		{E87CE0C5-E05A-41EF-8266-CAC48ABE3DE7}.Release|Win32.Build.0 = Release|Win32
		{E87CE0C5-E05A-41EF-8266-CAC48ABE3DE7}.Release|x64.ActiveCfg = Release|Win32
		{B2A0D123-FAC5-4848-BF21-F9BCAEEDF006}.Debug|Win32.ActiveCfg = Debug|Win32
		{B2A0D123-FAC5-4848-BF21-F9BCAEEDF006}.Debug|Win32.Build.0 = Debug|Win32
		{B2A0D123-FAC5-4848-BF21-F9BCAEEDF006}.Debug|x64.ActiveCfg = Debug|Win32
		{B2A0D123-FAC5-4848-BF21-F9BCAEEDF006}.Release|Win32.ActiveCfg = Release|Win32
		{B2A0D123-FAC5-4848-BF21-F9BCAEEDF006}.Release|Win32.Build.0 = Release|Win32
		{B2A0D123-FAC5-4848-BF21-F9BCAEEDF006}.Release|x64.ActiveCfg = Release|Win32
		{7C66F315-4023-4309-ACE6-4CFECEE6C769}.Debug|Win32.ActiveCfg = Debug|Win32
		{7C66F315-4023-4309-ACE6-4CFECEE6C769}.Debug|Win32.Build.0 = Debug|Win32
		{7C66F315-4023-4309-ACE6-4CFECEE6C769}.Debug|x64.ActiveCfg = Debug|Win32
		{7C66F315-4023-4309-ACE6-4CFECEE6C769}.Release|Win32.ActiveCfg = Release|Win32
		{7C66F315-4023-4309-ACE6-4CFECEE6C769}.Release|Win32.Build.0 = Release|Win32
		{7C66F315-4023-4309-ACE6-4CFECEE6C769}.Release|x64.ActiveCfg = Release|Win32
	EndGlobalSection
	GlobalSection(SolutionProperties) = preSolution
		HideSolutionNode = FALSE
	EndGlobalSection
	GlobalSection(NestedProjects) = preSolution
		{BCF77581-80B6-459E-9459-271248A39EEF} = {1EA900EE-7524-40FC-8AAF-0B8D77282FA6}
		{12A455D5-6AD0-4334-B8AD-F38C9EFC9420} = {1EA900EE-7524-40FC-8AAF-0B8D77282FA6}
		{3B0E5FD2-E5C1-4DAD-8698-A4CD1F0101B9} = {1EA900EE-7524-40FC-8AAF-0B8D77282FA6}
		{507B3B66-198E-47D3-BBDB-360A39351079} = {1EA900EE-7524-40FC-8AAF-0B8D77282FA6}
		{8C1B25CA-2D7D-415F-A6B5-70E90E928E63} = {1EA900EE-7524-40FC-8AAF-0B8D77282FA6}
		{E87CE0C5-E05A-41EF-8266-CAC48ABE3DE7} = {1EA900EE-7524-40FC-8AAF-0B8D77282FA6}
		{B2A0D123-FAC5-4848-BF21-F9BCAEEDF006} = {1EA900EE-7524-40FC-8AAF-0B8D77282FA6}
		{43807E9E-3D83-E8E4-8CD1-13E98FFC6045} = {BCF77581-80B6-459E-9459-271248A39EEF}
		{E798F469-96F1-BC24-1ABE-D8C3C25A40B5} = {BCF77581-80B6-459E-9459-271248A39EEF}
		{56558867-9775-4998-A441-591E8D2775B7} = {BCF77581-80B6-459E-9459-271248A39EEF}
	EndGlobalSection
EndGlobal
