Microsoft Visual Studio Solution File, Format Version 10.00
# Visual Studio 2008
Project("{2150E333-8FDC-42A3-9474-1A3956D46DE8}") = "(allocator)", "..\..\..\base\allocator", "{6478B9F3-4858-63F4-35F4-98A303E305F3}"
EndProject
Project("{2150E333-8FDC-42A3-9474-1A3956D46DE8}") = "(base)", "..\..\..\base", "{9785FB75-982A-5DE3-252D-3F288B9FEF5B}"
EndProject
Project("{2150E333-8FDC-42A3-9474-1A3956D46DE8}") = "(testing)", "..\..\..\testing", "{EAC80D00-01D2-3F49-A377-20B7154947F3}"
EndProject
Project("{2150E333-8FDC-42A3-9474-1A3956D46DE8}") = "(third_party)", "..\..\..\base\third_party", "{3E7FA5AF-27B3-2DE0-883C-12F98E7F4E81}"
EndProject
Project("{2150E333-8FDC-42A3-9474-1A3956D46DE8}") = "(third_party)", "..\..\..\third_party", "{89C816A7-DD31-D54C-C69C-5A80E0C49B77}"
EndProject
Project("{8BC9CEB8-8B4A-11D0-8D11-00A0C91BC942}") = "allocator", "allocator.vcproj", "{D864C2CD-DBE8-4669-11E9-4F433D9C9513}"
	ProjectSection(ProjectDependencies) = postProject
		{116777EA-F387-D94F-54AC-A11605CDFE9B} = {116777EA-F387-D94F-54AC-A11605CDFE9B}
	EndProjectSection
EndProject
Project("{8BC9CEB8-8B4A-11D0-8D11-00A0C91BC942}") = "allocator_extension_thunks", "allocator_extension_thunks.vcproj", "{D80CDCBE-43C1-F5BF-E758-C5725F17A8C1}"
EndProject
Project("{8BC9CEB8-8B4A-11D0-8D11-00A0C91BC942}") = "allocator_extension_thunks_win64", "allocator_extension_thunks_win64.vcproj", "{D734DE7B-B7C4-4AEF-1EDE-E5393D128BBB}"
EndProject
Project("{8BC9CEB8-8B4A-11D0-8D11-00A0C91BC942}") = "allocator_unittests", "allocator_unittests.vcproj", "{2A1C1041-363C-8A23-0A83-C7D210BE909E}"
	ProjectSection(ProjectDependencies) = postProject
		{D864C2CD-DBE8-4669-11E9-4F433D9C9513} = {D864C2CD-DBE8-4669-11E9-4F433D9C9513}
		{D80CDCBE-43C1-F5BF-E758-C5725F17A8C1} = {D80CDCBE-43C1-F5BF-E758-C5725F17A8C1}
		{639EBF6E-931C-45F2-A799-7E8B5209ADF3} = {639EBF6E-931C-45F2-A799-7E8B5209ADF3}
		{6D2E9365-C662-5EC3-2A65-AD7D1FF9FF69} = {6D2E9365-C662-5EC3-2A65-AD7D1FF9FF69}
		{116777EA-F387-D94F-54AC-A11605CDFE9B} = {116777EA-F387-D94F-54AC-A11605CDFE9B}
		{DE9CB625-0E6A-F4C2-EFDA-84BE9C1DA94B} = {DE9CB625-0E6A-F4C2-EFDA-84BE9C1DA94B}
	EndProjectSection
EndProject
Project("{8BC9CEB8-8B4A-11D0-8D11-00A0C91BC942}") = "base", "..\base.vcproj", "{0BFC078D-10E5-1E26-46A4-DD6A65D3A870}"
	ProjectSection(ProjectDependencies) = postProject
		{DE9CB625-0E6A-F4C2-EFDA-84BE9C1DA94B} = {DE9CB625-0E6A-F4C2-EFDA-84BE9C1DA94B}
	EndProjectSection
EndProject
Project("{8BC9CEB8-8B4A-11D0-8D11-00A0C91BC942}") = "base_static", "..\base_static.vcproj", "{1B1B260C-1F5C-D07A-7D05-9D70F24BA0A8}"
EndProject
Project("{8BC9CEB8-8B4A-11D0-8D11-00A0C91BC942}") = "dynamic_annotations", "..\third_party\dynamic_annotations\dynamic_annotations.vcproj", "{6D2E9365-C662-5EC3-2A65-AD7D1FF9FF69}"
EndProject
Project("{8BC9CEB8-8B4A-11D0-8D11-00A0C91BC942}") = "gtest", "..\..\testing\gtest.vcproj", "{639EBF6E-931C-45F2-A799-7E8B5209ADF3}"
	ProjectSection(ProjectDependencies) = postProject
		{DE9CB625-0E6A-F4C2-EFDA-84BE9C1DA94B} = {DE9CB625-0E6A-F4C2-EFDA-84BE9C1DA94B}
	EndProjectSection
EndProject
Project("{8BC9CEB8-8B4A-11D0-8D11-00A0C91BC942}") = "gtest_prod", "..\..\testing\gtest_prod.vcproj", "{DE9CB625-0E6A-F4C2-EFDA-84BE9C1DA94B}"
EndProject
Project("{8BC9CEB8-8B4A-11D0-8D11-00A0C91BC942}") = "libcmt", "libcmt.vcproj", "{116777EA-F387-D94F-54AC-A11605CDFE9B}"
EndProject
Project("{8BC9CEB8-8B4A-11D0-8D11-00A0C91BC942}") = "modp_b64", "..\..\third_party\modp_b64\modp_b64.vcproj", "{43807E9E-3D83-E8E4-8CD1-13E98FFC6045}"
EndProject
Project("{8BC9CEB8-8B4A-11D0-8D11-00A0C91BC942}") = "tcmalloc_unittest", "tcmalloc_unittest.vcproj", "{101E0625-2627-C631-6E61-0C26E877213B}"
	ProjectSection(ProjectDependencies) = postProject
		{639EBF6E-931C-45F2-A799-7E8B5209ADF3} = {639EBF6E-931C-45F2-A799-7E8B5209ADF3}
		{0BFC078D-10E5-1E26-46A4-DD6A65D3A870} = {0BFC078D-10E5-1E26-46A4-DD6A65D3A870}
		{D864C2CD-DBE8-4669-11E9-4F433D9C9513} = {D864C2CD-DBE8-4669-11E9-4F433D9C9513}
		{DE9CB625-0E6A-F4C2-EFDA-84BE9C1DA94B} = {DE9CB625-0E6A-F4C2-EFDA-84BE9C1DA94B}
		{1B1B260C-1F5C-D07A-7D05-9D70F24BA0A8} = {1B1B260C-1F5C-D07A-7D05-9D70F24BA0A8}
		{D80CDCBE-43C1-F5BF-E758-C5725F17A8C1} = {D80CDCBE-43C1-F5BF-E758-C5725F17A8C1}
		{43807E9E-3D83-E8E4-8CD1-13E98FFC6045} = {43807E9E-3D83-E8E4-8CD1-13E98FFC6045}
		{6D2E9365-C662-5EC3-2A65-AD7D1FF9FF69} = {6D2E9365-C662-5EC3-2A65-AD7D1FF9FF69}
		{116777EA-F387-D94F-54AC-A11605CDFE9B} = {116777EA-F387-D94F-54AC-A11605CDFE9B}
	EndProjectSection
EndProject
Global
	GlobalSection(SolutionConfigurationPlatforms) = preSolution
		Release|x64 = Release|x64
		Debug|Win32 = Debug|Win32
		Debug|x64 = Debug|x64
		Release|Win32 = Release|Win32
	EndGlobalSection
	GlobalSection(ProjectConfigurationPlatforms) = postSolution
		{0BFC078D-10E5-1E26-46A4-DD6A65D3A870}.Release|x64.ActiveCfg = Release|x64
		{0BFC078D-10E5-1E26-46A4-DD6A65D3A870}.Release|x64.Build.0 = Release|x64
		{0BFC078D-10E5-1E26-46A4-DD6A65D3A870}.Debug|Win32.ActiveCfg = Debug|Win32
		{0BFC078D-10E5-1E26-46A4-DD6A65D3A870}.Debug|Win32.Build.0 = Debug|Win32
		{0BFC078D-10E5-1E26-46A4-DD6A65D3A870}.Debug|x64.ActiveCfg = Debug|x64
		{0BFC078D-10E5-1E26-46A4-DD6A65D3A870}.Debug|x64.Build.0 = Debug|x64
		{0BFC078D-10E5-1E26-46A4-DD6A65D3A870}.Release|Win32.ActiveCfg = Release|Win32
		{0BFC078D-10E5-1E26-46A4-DD6A65D3A870}.Release|Win32.Build.0 = Release|Win32
		{101E0625-2627-C631-6E61-0C26E877213B}.Release|x64.ActiveCfg = Release|x64
		{101E0625-2627-C631-6E61-0C26E877213B}.Release|x64.Build.0 = Release|x64
		{101E0625-2627-C631-6E61-0C26E877213B}.Debug|Win32.ActiveCfg = Debug|Win32
		{101E0625-2627-C631-6E61-0C26E877213B}.Debug|Win32.Build.0 = Debug|Win32
		{101E0625-2627-C631-6E61-0C26E877213B}.Debug|x64.ActiveCfg = Debug|x64
		{101E0625-2627-C631-6E61-0C26E877213B}.Debug|x64.Build.0 = Debug|x64
		{101E0625-2627-C631-6E61-0C26E877213B}.Release|Win32.ActiveCfg = Release|Win32
		{101E0625-2627-C631-6E61-0C26E877213B}.Release|Win32.Build.0 = Release|Win32
		{116777EA-F387-D94F-54AC-A11605CDFE9B}.Release|x64.ActiveCfg = Release|x64
		{116777EA-F387-D94F-54AC-A11605CDFE9B}.Release|x64.Build.0 = Release|x64
		{116777EA-F387-D94F-54AC-A11605CDFE9B}.Debug|Win32.ActiveCfg = Debug|Win32
		{116777EA-F387-D94F-54AC-A11605CDFE9B}.Debug|Win32.Build.0 = Debug|Win32
		{116777EA-F387-D94F-54AC-A11605CDFE9B}.Debug|x64.ActiveCfg = Debug|x64
		{116777EA-F387-D94F-54AC-A11605CDFE9B}.Debug|x64.Build.0 = Debug|x64
		{116777EA-F387-D94F-54AC-A11605CDFE9B}.Release|Win32.ActiveCfg = Release|Win32
		{116777EA-F387-D94F-54AC-A11605CDFE9B}.Release|Win32.Build.0 = Release|Win32
		{1B1B260C-1F5C-D07A-7D05-9D70F24BA0A8}.Release|x64.ActiveCfg = Release|x64
		{1B1B260C-1F5C-D07A-7D05-9D70F24BA0A8}.Release|x64.Build.0 = Release|x64
		{1B1B260C-1F5C-D07A-7D05-9D70F24BA0A8}.Debug|Win32.ActiveCfg = Debug|Win32
		{1B1B260C-1F5C-D07A-7D05-9D70F24BA0A8}.Debug|Win32.Build.0 = Debug|Win32
		{1B1B260C-1F5C-D07A-7D05-9D70F24BA0A8}.Debug|x64.ActiveCfg = Debug|x64
		{1B1B260C-1F5C-D07A-7D05-9D70F24BA0A8}.Debug|x64.Build.0 = Debug|x64
		{1B1B260C-1F5C-D07A-7D05-9D70F24BA0A8}.Release|Win32.ActiveCfg = Release|Win32
		{1B1B260C-1F5C-D07A-7D05-9D70F24BA0A8}.Release|Win32.Build.0 = Release|Win32
		{2A1C1041-363C-8A23-0A83-C7D210BE909E}.Release|x64.ActiveCfg = Release|x64
		{2A1C1041-363C-8A23-0A83-C7D210BE909E}.Release|x64.Build.0 = Release|x64
		{2A1C1041-363C-8A23-0A83-C7D210BE909E}.Debug|Win32.ActiveCfg = Debug|Win32
		{2A1C1041-363C-8A23-0A83-C7D210BE909E}.Debug|Win32.Build.0 = Debug|Win32
		{2A1C1041-363C-8A23-0A83-C7D210BE909E}.Debug|x64.ActiveCfg = Debug|x64
		{2A1C1041-363C-8A23-0A83-C7D210BE909E}.Debug|x64.Build.0 = Debug|x64
		{2A1C1041-363C-8A23-0A83-C7D210BE909E}.Release|Win32.ActiveCfg = Release|Win32
		{2A1C1041-363C-8A23-0A83-C7D210BE909E}.Release|Win32.Build.0 = Release|Win32
		{43807E9E-3D83-E8E4-8CD1-13E98FFC6045}.Release|x64.ActiveCfg = Release|x64
		{43807E9E-3D83-E8E4-8CD1-13E98FFC6045}.Release|x64.Build.0 = Release|x64
		{43807E9E-3D83-E8E4-8CD1-13E98FFC6045}.Debug|Win32.ActiveCfg = Debug|Win32
		{43807E9E-3D83-E8E4-8CD1-13E98FFC6045}.Debug|Win32.Build.0 = Debug|Win32
		{43807E9E-3D83-E8E4-8CD1-13E98FFC6045}.Debug|x64.ActiveCfg = Debug|x64
		{43807E9E-3D83-E8E4-8CD1-13E98FFC6045}.Debug|x64.Build.0 = Debug|x64
		{43807E9E-3D83-E8E4-8CD1-13E98FFC6045}.Release|Win32.ActiveCfg = Release|Win32
		{43807E9E-3D83-E8E4-8CD1-13E98FFC6045}.Release|Win32.Build.0 = Release|Win32
		{639EBF6E-931C-45F2-A799-7E8B5209ADF3}.Release|x64.ActiveCfg = Release|x64
		{639EBF6E-931C-45F2-A799-7E8B5209ADF3}.Release|x64.Build.0 = Release|x64
		{639EBF6E-931C-45F2-A799-7E8B5209ADF3}.Debug|Win32.ActiveCfg = Debug|Win32
		{639EBF6E-931C-45F2-A799-7E8B5209ADF3}.Debug|Win32.Build.0 = Debug|Win32
		{639EBF6E-931C-45F2-A799-7E8B5209ADF3}.Debug|x64.ActiveCfg = Debug|x64
		{639EBF6E-931C-45F2-A799-7E8B5209ADF3}.Debug|x64.Build.0 = Debug|x64
		{639EBF6E-931C-45F2-A799-7E8B5209ADF3}.Release|Win32.ActiveCfg = Release|Win32
		{639EBF6E-931C-45F2-A799-7E8B5209ADF3}.Release|Win32.Build.0 = Release|Win32
		{6D2E9365-C662-5EC3-2A65-AD7D1FF9FF69}.Release|x64.ActiveCfg = Release|x64
		{6D2E9365-C662-5EC3-2A65-AD7D1FF9FF69}.Release|x64.Build.0 = Release|x64
		{6D2E9365-C662-5EC3-2A65-AD7D1FF9FF69}.Debug|Win32.ActiveCfg = Debug|Win32
		{6D2E9365-C662-5EC3-2A65-AD7D1FF9FF69}.Debug|Win32.Build.0 = Debug|Win32
		{6D2E9365-C662-5EC3-2A65-AD7D1FF9FF69}.Debug|x64.ActiveCfg = Debug|x64
		{6D2E9365-C662-5EC3-2A65-AD7D1FF9FF69}.Debug|x64.Build.0 = Debug|x64
		{6D2E9365-C662-5EC3-2A65-AD7D1FF9FF69}.Release|Win32.ActiveCfg = Release|Win32
		{6D2E9365-C662-5EC3-2A65-AD7D1FF9FF69}.Release|Win32.Build.0 = Release|Win32
		{D734DE7B-B7C4-4AEF-1EDE-E5393D128BBB}.Release|x64.ActiveCfg = Release|x64
		{D734DE7B-B7C4-4AEF-1EDE-E5393D128BBB}.Release|x64.Build.0 = Release|x64
		{D734DE7B-B7C4-4AEF-1EDE-E5393D128BBB}.Debug|Win32.ActiveCfg = Debug|x64
		{D734DE7B-B7C4-4AEF-1EDE-E5393D128BBB}.Debug|Win32.Build.0 = Debug|x64
		{D734DE7B-B7C4-4AEF-1EDE-E5393D128BBB}.Debug|x64.ActiveCfg = Debug|x64
		{D734DE7B-B7C4-4AEF-1EDE-E5393D128BBB}.Debug|x64.Build.0 = Debug|x64
		{D734DE7B-B7C4-4AEF-1EDE-E5393D128BBB}.Release|Win32.ActiveCfg = Release|x64
		{D734DE7B-B7C4-4AEF-1EDE-E5393D128BBB}.Release|Win32.Build.0 = Release|x64
		{D80CDCBE-43C1-F5BF-E758-C5725F17A8C1}.Release|x64.ActiveCfg = Release|x64
		{D80CDCBE-43C1-F5BF-E758-C5725F17A8C1}.Release|x64.Build.0 = Release|x64
		{D80CDCBE-43C1-F5BF-E758-C5725F17A8C1}.Debug|Win32.ActiveCfg = Debug|Win32
		{D80CDCBE-43C1-F5BF-E758-C5725F17A8C1}.Debug|Win32.Build.0 = Debug|Win32
		{D80CDCBE-43C1-F5BF-E758-C5725F17A8C1}.Debug|x64.ActiveCfg = Debug|x64
		{D80CDCBE-43C1-F5BF-E758-C5725F17A8C1}.Debug|x64.Build.0 = Debug|x64
		{D80CDCBE-43C1-F5BF-E758-C5725F17A8C1}.Release|Win32.ActiveCfg = Release|Win32
		{D80CDCBE-43C1-F5BF-E758-C5725F17A8C1}.Release|Win32.Build.0 = Release|Win32
		{D864C2CD-DBE8-4669-11E9-4F433D9C9513}.Release|x64.ActiveCfg = Release|x64
		{D864C2CD-DBE8-4669-11E9-4F433D9C9513}.Release|x64.Build.0 = Release|x64
		{D864C2CD-DBE8-4669-11E9-4F433D9C9513}.Debug|Win32.ActiveCfg = Debug|Win32
		{D864C2CD-DBE8-4669-11E9-4F433D9C9513}.Debug|Win32.Build.0 = Debug|Win32
		{D864C2CD-DBE8-4669-11E9-4F433D9C9513}.Debug|x64.ActiveCfg = Debug|x64
		{D864C2CD-DBE8-4669-11E9-4F433D9C9513}.Debug|x64.Build.0 = Debug|x64
		{D864C2CD-DBE8-4669-11E9-4F433D9C9513}.Release|Win32.ActiveCfg = Release|Win32
		{D864C2CD-DBE8-4669-11E9-4F433D9C9513}.Release|Win32.Build.0 = Release|Win32
		{DE9CB625-0E6A-F4C2-EFDA-84BE9C1DA94B}.Release|x64.ActiveCfg = Release|x64
		{DE9CB625-0E6A-F4C2-EFDA-84BE9C1DA94B}.Release|x64.Build.0 = Release|x64
		{DE9CB625-0E6A-F4C2-EFDA-84BE9C1DA94B}.Debug|Win32.ActiveCfg = Debug|Win32
		{DE9CB625-0E6A-F4C2-EFDA-84BE9C1DA94B}.Debug|Win32.Build.0 = Debug|Win32
		{DE9CB625-0E6A-F4C2-EFDA-84BE9C1DA94B}.Debug|x64.ActiveCfg = Debug|x64
		{DE9CB625-0E6A-F4C2-EFDA-84BE9C1DA94B}.Debug|x64.Build.0 = Debug|x64
		{DE9CB625-0E6A-F4C2-EFDA-84BE9C1DA94B}.Release|Win32.ActiveCfg = Release|Win32
		{DE9CB625-0E6A-F4C2-EFDA-84BE9C1DA94B}.Release|Win32.Build.0 = Release|Win32
	EndGlobalSection
	GlobalSection(SolutionProperties) = preSolution
		HideSolutionNode = FALSE
	EndGlobalSection
	GlobalSection(NestedProjects) = preSolution
		{2A1C1041-363C-8A23-0A83-C7D210BE909E} = {6478B9F3-4858-63F4-35F4-98A303E305F3}
		{D80CDCBE-43C1-F5BF-E758-C5725F17A8C1} = {6478B9F3-4858-63F4-35F4-98A303E305F3}
		{D864C2CD-DBE8-4669-11E9-4F433D9C9513} = {6478B9F3-4858-63F4-35F4-98A303E305F3}
		{116777EA-F387-D94F-54AC-A11605CDFE9B} = {6478B9F3-4858-63F4-35F4-98A303E305F3}
		{101E0625-2627-C631-6E61-0C26E877213B} = {6478B9F3-4858-63F4-35F4-98A303E305F3}
		{D734DE7B-B7C4-4AEF-1EDE-E5393D128BBB} = {6478B9F3-4858-63F4-35F4-98A303E305F3}
		{0BFC078D-10E5-1E26-46A4-DD6A65D3A870} = {9785FB75-982A-5DE3-252D-3F288B9FEF5B}
		{3E7FA5AF-27B3-2DE0-883C-12F98E7F4E81} = {9785FB75-982A-5DE3-252D-3F288B9FEF5B}
		{1B1B260C-1F5C-D07A-7D05-9D70F24BA0A8} = {9785FB75-982A-5DE3-252D-3F288B9FEF5B}
		{6478B9F3-4858-63F4-35F4-98A303E305F3} = {9785FB75-982A-5DE3-252D-3F288B9FEF5B}
		{DE9CB625-0E6A-F4C2-EFDA-84BE9C1DA94B} = {EAC80D00-01D2-3F49-A377-20B7154947F3}
		{639EBF6E-931C-45F2-A799-7E8B5209ADF3} = {EAC80D00-01D2-3F49-A377-20B7154947F3}
		{6D2E9365-C662-5EC3-2A65-AD7D1FF9FF69} = {3E7FA5AF-27B3-2DE0-883C-12F98E7F4E81}
		{43807E9E-3D83-E8E4-8CD1-13E98FFC6045} = {89C816A7-DD31-D54C-C69C-5A80E0C49B77}
	EndGlobalSection
EndGlobal
