
Microsoft Visual Studio Solution File, Format Version 10.00
# Visual Studio 2008
Project("{8BC9CEB8-8B4A-11D0-8D11-00A0C91BC942}") = "zengine", "zengine\zengine.vcproj", "{53404A4D-0346-4AA6-ADD3-73B7798CA7E1}"
	ProjectSection(ProjectDependencies) = postProject
		{B2A0D123-FAC5-4848-BF21-F9BCAEEDF006} = {B2A0D123-FAC5-4848-BF21-F9BCAEEDF006}
		{A3A84737-5017-4577-B8A2-79429A25B8B6} = {A3A84737-5017-4577-B8A2-79429A25B8B6}
		{56558867-9775-4998-A441-591E8D2775B7} = {56558867-9775-4998-A441-591E8D2775B7}
		{E798F469-96F1-BC24-1ABE-D8C3C25A40B5} = {E798F469-96F1-BC24-1ABE-D8C3C25A40B5}
		{E92D648B-4372-4BAF-91B1-4E20BEB257CD} = {E92D648B-4372-4BAF-91B1-4E20BEB257CD}
		{43807E9E-3D83-E8E4-8CD1-13E98FFC6045} = {43807E9E-3D83-E8E4-8CD1-13E98FFC6045}
		{E87CE0C5-E05A-41EF-8266-CAC48ABE3DE7} = {E87CE0C5-E05A-41EF-8266-CAC48ABE3DE7}
		{8C1B25CA-2D7D-415F-A6B5-70E90E928E63} = {8C1B25CA-2D7D-415F-A6B5-70E90E928E63}
		{3B0E5FD2-E5C1-4DAD-8698-A4CD1F0101B9} = {3B0E5FD2-E5C1-4DAD-8698-A4CD1F0101B9}
	EndProjectSection
EndProject
Project("{2150E333-8FDC-42A3-9474-1A3956D46DE8}") = "zutils", "zutils", "{3E88F339-82AE-4B88-B780-5FB7A48F81B9}"
EndProject
Project("{8BC9CEB8-8B4A-11D0-8D11-00A0C91BC942}") = "base", "..\..\zutils\zutils\base\base.vcproj", "{E92D648B-4372-4BAF-91B1-4E20BEB257CD}"
EndProject
Project("{8BC9CEB8-8B4A-11D0-8D11-00A0C91BC942}") = "base2", "..\..\zutils\zutils\base2\base2.vcproj", "{3B0E5FD2-E5C1-4DAD-8698-A4CD1F0101B9}"
EndProject
Project("{8BC9CEB8-8B4A-11D0-8D11-00A0C91BC942}") = "scriptengine", "..\..\zutils\zutils\scriptengine\scriptengine.vcproj", "{8C1B25CA-2D7D-415F-A6B5-70E90E928E63}"
EndProject
Project("{2150E333-8FDC-42A3-9474-1A3956D46DE8}") = "third_party", "third_party", "{9D4AE8AD-73D9-4292-903D-66F58F92B8C5}"
EndProject
Project("{8BC9CEB8-8B4A-11D0-8D11-00A0C91BC942}") = "modp_b64", "..\..\zutils\zutils\third_party\modp_b64\modp_b64.vcproj", "{43807E9E-3D83-E8E4-8CD1-13E98FFC6045}"
EndProject
Project("{8BC9CEB8-8B4A-11D0-8D11-00A0C91BC942}") = "zlib", "..\..\zutils\zutils\third_party\zlib\zlib.vcproj", "{E798F469-96F1-BC24-1ABE-D8C3C25A40B5}"
EndProject
Project("{8BC9CEB8-8B4A-11D0-8D11-00A0C91BC942}") = "tinyxmlSTL", "..\..\zutils\zutils\base2\xml\third_party\tinyxml\tinyxmlSTL.vcproj", "{A3A84737-5017-4577-B8A2-79429A25B8B6}"
EndProject
Project("{8BC9CEB8-8B4A-11D0-8D11-00A0C91BC942}") = "net", "..\..\zutils\zutils\net\net.vcproj", "{B2A0D123-FAC5-4848-BF21-F9BCAEEDF006}"
EndProject
Project("{8BC9CEB8-8B4A-11D0-8D11-00A0C91BC942}") = "libevent", "..\..\zutils\zutils\third_party\libevent\libevent.vcproj", "{56558867-9775-4998-A441-591E8D2775B7}"
EndProject
Project("{8BC9CEB8-8B4A-11D0-8D11-00A0C91BC942}") = "db", "..\..\zutils\zutils\db\db.vcproj", "{E87CE0C5-E05A-41EF-8266-CAC48ABE3DE7}"
EndProject
Global
	GlobalSection(SolutionConfigurationPlatforms) = preSolution
		Debug|Win32 = Debug|Win32
		Debug|x64 = Debug|x64
		DLL Debug - DLL OpenSSL - DLL LibSSH2|Win32 = DLL Debug - DLL OpenSSL - DLL LibSSH2|Win32
		DLL Debug - DLL OpenSSL - DLL LibSSH2|x64 = DLL Debug - DLL OpenSSL - DLL LibSSH2|x64
		DLL Debug - DLL OpenSSL|Win32 = DLL Debug - DLL OpenSSL|Win32
		DLL Debug - DLL OpenSSL|x64 = DLL Debug - DLL OpenSSL|x64
		DLL Debug - DLL Windows SSPI|Win32 = DLL Debug - DLL Windows SSPI|Win32
		DLL Debug - DLL Windows SSPI|x64 = DLL Debug - DLL Windows SSPI|x64
		DLL Debug|Win32 = DLL Debug|Win32
		DLL Debug|x64 = DLL Debug|x64
		DLL Release - DLL OpenSSL - DLL LibSSH2|Win32 = DLL Release - DLL OpenSSL - DLL LibSSH2|Win32
		DLL Release - DLL OpenSSL - DLL LibSSH2|x64 = DLL Release - DLL OpenSSL - DLL LibSSH2|x64
		DLL Release - DLL OpenSSL|Win32 = DLL Release - DLL OpenSSL|Win32
		DLL Release - DLL OpenSSL|x64 = DLL Release - DLL OpenSSL|x64
		DLL Release - DLL Windows SSPI|Win32 = DLL Release - DLL Windows SSPI|Win32
		DLL Release - DLL Windows SSPI|x64 = DLL Release - DLL Windows SSPI|x64
		DLL Release|Win32 = DLL Release|Win32
		DLL Release|x64 = DLL Release|x64
		LIB Debug - DLL OpenSSL - DLL LibSSH2|Win32 = LIB Debug - DLL OpenSSL - DLL LibSSH2|Win32
		LIB Debug - DLL OpenSSL - DLL LibSSH2|x64 = LIB Debug - DLL OpenSSL - DLL LibSSH2|x64
		LIB Debug - DLL OpenSSL|Win32 = LIB Debug - DLL OpenSSL|Win32
		LIB Debug - DLL OpenSSL|x64 = LIB Debug - DLL OpenSSL|x64
		LIB Debug - DLL Windows SSPI|Win32 = LIB Debug - DLL Windows SSPI|Win32
		LIB Debug - DLL Windows SSPI|x64 = LIB Debug - DLL Windows SSPI|x64
		LIB Debug - LIB OpenSSL - LIB LibSSH2|Win32 = LIB Debug - LIB OpenSSL - LIB LibSSH2|Win32
		LIB Debug - LIB OpenSSL - LIB LibSSH2|x64 = LIB Debug - LIB OpenSSL - LIB LibSSH2|x64
		LIB Debug - LIB OpenSSL|Win32 = LIB Debug - LIB OpenSSL|Win32
		LIB Debug - LIB OpenSSL|x64 = LIB Debug - LIB OpenSSL|x64
		LIB Debug|Win32 = LIB Debug|Win32
		LIB Debug|x64 = LIB Debug|x64
		LIB Release - DLL OpenSSL - DLL LibSSH2|Win32 = LIB Release - DLL OpenSSL - DLL LibSSH2|Win32
		LIB Release - DLL OpenSSL - DLL LibSSH2|x64 = LIB Release - DLL OpenSSL - DLL LibSSH2|x64
		LIB Release - DLL OpenSSL|Win32 = LIB Release - DLL OpenSSL|Win32
		LIB Release - DLL OpenSSL|x64 = LIB Release - DLL OpenSSL|x64
		LIB Release - DLL Windows SSPI|Win32 = LIB Release - DLL Windows SSPI|Win32
		LIB Release - DLL Windows SSPI|x64 = LIB Release - DLL Windows SSPI|x64
		LIB Release - LIB OpenSSL - LIB LibSSH2|Win32 = LIB Release - LIB OpenSSL - LIB LibSSH2|Win32
		LIB Release - LIB OpenSSL - LIB LibSSH2|x64 = LIB Release - LIB OpenSSL - LIB LibSSH2|x64
		LIB Release - LIB OpenSSL|Win32 = LIB Release - LIB OpenSSL|Win32
		LIB Release - LIB OpenSSL|x64 = LIB Release - LIB OpenSSL|x64
		LIB Release|Win32 = LIB Release|Win32
		LIB Release|x64 = LIB Release|x64
		Purify|Win32 = Purify|Win32
		Purify|x64 = Purify|x64
		Release|Win32 = Release|Win32
		Release|x64 = Release|x64
		WithOpenPGM|Win32 = WithOpenPGM|Win32
		WithOpenPGM|x64 = WithOpenPGM|x64
	EndGlobalSection
	GlobalSection(ProjectConfigurationPlatforms) = postSolution
		{53404A4D-0346-4AA6-ADD3-73B7798CA7E1}.Debug|Win32.ActiveCfg = Debug|Win32
		{53404A4D-0346-4AA6-ADD3-73B7798CA7E1}.Debug|Win32.Build.0 = Debug|Win32
		{53404A4D-0346-4AA6-ADD3-73B7798CA7E1}.Debug|x64.ActiveCfg = Debug|Win32
		{53404A4D-0346-4AA6-ADD3-73B7798CA7E1}.DLL Debug - DLL OpenSSL - DLL LibSSH2|Win32.ActiveCfg = Debug|Win32
		{53404A4D-0346-4AA6-ADD3-73B7798CA7E1}.DLL Debug - DLL OpenSSL - DLL LibSSH2|Win32.Build.0 = Debug|Win32
		{53404A4D-0346-4AA6-ADD3-73B7798CA7E1}.DLL Debug - DLL OpenSSL - DLL LibSSH2|x64.ActiveCfg = Debug|Win32
		{53404A4D-0346-4AA6-ADD3-73B7798CA7E1}.DLL Debug - DLL OpenSSL|Win32.ActiveCfg = Debug|Win32
		{53404A4D-0346-4AA6-ADD3-73B7798CA7E1}.DLL Debug - DLL OpenSSL|Win32.Build.0 = Debug|Win32
		{53404A4D-0346-4AA6-ADD3-73B7798CA7E1}.DLL Debug - DLL OpenSSL|x64.ActiveCfg = Debug|Win32
		{53404A4D-0346-4AA6-ADD3-73B7798CA7E1}.DLL Debug - DLL Windows SSPI|Win32.ActiveCfg = Debug|Win32
		{53404A4D-0346-4AA6-ADD3-73B7798CA7E1}.DLL Debug - DLL Windows SSPI|Win32.Build.0 = Debug|Win32
		{53404A4D-0346-4AA6-ADD3-73B7798CA7E1}.DLL Debug - DLL Windows SSPI|x64.ActiveCfg = Debug|Win32
		{53404A4D-0346-4AA6-ADD3-73B7798CA7E1}.DLL Debug|Win32.ActiveCfg = Debug|Win32
		{53404A4D-0346-4AA6-ADD3-73B7798CA7E1}.DLL Debug|Win32.Build.0 = Debug|Win32
		{53404A4D-0346-4AA6-ADD3-73B7798CA7E1}.DLL Debug|x64.ActiveCfg = Debug|Win32
		{53404A4D-0346-4AA6-ADD3-73B7798CA7E1}.DLL Release - DLL OpenSSL - DLL LibSSH2|Win32.ActiveCfg = Release|Win32
		{53404A4D-0346-4AA6-ADD3-73B7798CA7E1}.DLL Release - DLL OpenSSL - DLL LibSSH2|Win32.Build.0 = Release|Win32
		{53404A4D-0346-4AA6-ADD3-73B7798CA7E1}.DLL Release - DLL OpenSSL - DLL LibSSH2|x64.ActiveCfg = Release|Win32
		{53404A4D-0346-4AA6-ADD3-73B7798CA7E1}.DLL Release - DLL OpenSSL|Win32.ActiveCfg = Release|Win32
		{53404A4D-0346-4AA6-ADD3-73B7798CA7E1}.DLL Release - DLL OpenSSL|Win32.Build.0 = Release|Win32
		{53404A4D-0346-4AA6-ADD3-73B7798CA7E1}.DLL Release - DLL OpenSSL|x64.ActiveCfg = Release|Win32
		{53404A4D-0346-4AA6-ADD3-73B7798CA7E1}.DLL Release - DLL Windows SSPI|Win32.ActiveCfg = Release|Win32
		{53404A4D-0346-4AA6-ADD3-73B7798CA7E1}.DLL Release - DLL Windows SSPI|Win32.Build.0 = Release|Win32
		{53404A4D-0346-4AA6-ADD3-73B7798CA7E1}.DLL Release - DLL Windows SSPI|x64.ActiveCfg = Release|Win32
		{53404A4D-0346-4AA6-ADD3-73B7798CA7E1}.DLL Release|Win32.ActiveCfg = Release|Win32
		{53404A4D-0346-4AA6-ADD3-73B7798CA7E1}.DLL Release|Win32.Build.0 = Release|Win32
		{53404A4D-0346-4AA6-ADD3-73B7798CA7E1}.DLL Release|x64.ActiveCfg = Release|Win32
		{53404A4D-0346-4AA6-ADD3-73B7798CA7E1}.LIB Debug - DLL OpenSSL - DLL LibSSH2|Win32.ActiveCfg = Debug|Win32
		{53404A4D-0346-4AA6-ADD3-73B7798CA7E1}.LIB Debug - DLL OpenSSL - DLL LibSSH2|Win32.Build.0 = Debug|Win32
		{53404A4D-0346-4AA6-ADD3-73B7798CA7E1}.LIB Debug - DLL OpenSSL - DLL LibSSH2|x64.ActiveCfg = Debug|Win32
		{53404A4D-0346-4AA6-ADD3-73B7798CA7E1}.LIB Debug - DLL OpenSSL|Win32.ActiveCfg = Debug|Win32
		{53404A4D-0346-4AA6-ADD3-73B7798CA7E1}.LIB Debug - DLL OpenSSL|Win32.Build.0 = Debug|Win32
		{53404A4D-0346-4AA6-ADD3-73B7798CA7E1}.LIB Debug - DLL OpenSSL|x64.ActiveCfg = Debug|Win32
		{53404A4D-0346-4AA6-ADD3-73B7798CA7E1}.LIB Debug - DLL Windows SSPI|Win32.ActiveCfg = Debug|Win32
		{53404A4D-0346-4AA6-ADD3-73B7798CA7E1}.LIB Debug - DLL Windows SSPI|Win32.Build.0 = Debug|Win32
		{53404A4D-0346-4AA6-ADD3-73B7798CA7E1}.LIB Debug - DLL Windows SSPI|x64.ActiveCfg = Debug|Win32
		{53404A4D-0346-4AA6-ADD3-73B7798CA7E1}.LIB Debug - LIB OpenSSL - LIB LibSSH2|Win32.ActiveCfg = Debug|Win32
		{53404A4D-0346-4AA6-ADD3-73B7798CA7E1}.LIB Debug - LIB OpenSSL - LIB LibSSH2|Win32.Build.0 = Debug|Win32
		{53404A4D-0346-4AA6-ADD3-73B7798CA7E1}.LIB Debug - LIB OpenSSL - LIB LibSSH2|x64.ActiveCfg = Debug|Win32
		{53404A4D-0346-4AA6-ADD3-73B7798CA7E1}.LIB Debug - LIB OpenSSL|Win32.ActiveCfg = Debug|Win32
		{53404A4D-0346-4AA6-ADD3-73B7798CA7E1}.LIB Debug - LIB OpenSSL|Win32.Build.0 = Debug|Win32
		{53404A4D-0346-4AA6-ADD3-73B7798CA7E1}.LIB Debug - LIB OpenSSL|x64.ActiveCfg = Debug|Win32
		{53404A4D-0346-4AA6-ADD3-73B7798CA7E1}.LIB Debug|Win32.ActiveCfg = Debug|Win32
		{53404A4D-0346-4AA6-ADD3-73B7798CA7E1}.LIB Debug|Win32.Build.0 = Debug|Win32
		{53404A4D-0346-4AA6-ADD3-73B7798CA7E1}.LIB Debug|x64.ActiveCfg = Debug|Win32
		{53404A4D-0346-4AA6-ADD3-73B7798CA7E1}.LIB Release - DLL OpenSSL - DLL LibSSH2|Win32.ActiveCfg = Release|Win32
		{53404A4D-0346-4AA6-ADD3-73B7798CA7E1}.LIB Release - DLL OpenSSL - DLL LibSSH2|Win32.Build.0 = Release|Win32
		{53404A4D-0346-4AA6-ADD3-73B7798CA7E1}.LIB Release - DLL OpenSSL - DLL LibSSH2|x64.ActiveCfg = Release|Win32
		{53404A4D-0346-4AA6-ADD3-73B7798CA7E1}.LIB Release - DLL OpenSSL|Win32.ActiveCfg = Release|Win32
		{53404A4D-0346-4AA6-ADD3-73B7798CA7E1}.LIB Release - DLL OpenSSL|Win32.Build.0 = Release|Win32
		{53404A4D-0346-4AA6-ADD3-73B7798CA7E1}.LIB Release - DLL OpenSSL|x64.ActiveCfg = Release|Win32
		{53404A4D-0346-4AA6-ADD3-73B7798CA7E1}.LIB Release - DLL Windows SSPI|Win32.ActiveCfg = Release|Win32
		{53404A4D-0346-4AA6-ADD3-73B7798CA7E1}.LIB Release - DLL Windows SSPI|Win32.Build.0 = Release|Win32
		{53404A4D-0346-4AA6-ADD3-73B7798CA7E1}.LIB Release - DLL Windows SSPI|x64.ActiveCfg = Release|Win32
		{53404A4D-0346-4AA6-ADD3-73B7798CA7E1}.LIB Release - LIB OpenSSL - LIB LibSSH2|Win32.ActiveCfg = Release|Win32
		{53404A4D-0346-4AA6-ADD3-73B7798CA7E1}.LIB Release - LIB OpenSSL - LIB LibSSH2|Win32.Build.0 = Release|Win32
		{53404A4D-0346-4AA6-ADD3-73B7798CA7E1}.LIB Release - LIB OpenSSL - LIB LibSSH2|x64.ActiveCfg = Release|Win32
		{53404A4D-0346-4AA6-ADD3-73B7798CA7E1}.LIB Release - LIB OpenSSL|Win32.ActiveCfg = Release|Win32
		{53404A4D-0346-4AA6-ADD3-73B7798CA7E1}.LIB Release - LIB OpenSSL|Win32.Build.0 = Release|Win32
		{53404A4D-0346-4AA6-ADD3-73B7798CA7E1}.LIB Release - LIB OpenSSL|x64.ActiveCfg = Release|Win32
		{53404A4D-0346-4AA6-ADD3-73B7798CA7E1}.LIB Release|Win32.ActiveCfg = Release|Win32
		{53404A4D-0346-4AA6-ADD3-73B7798CA7E1}.LIB Release|Win32.Build.0 = Release|Win32
		{53404A4D-0346-4AA6-ADD3-73B7798CA7E1}.LIB Release|x64.ActiveCfg = Release|Win32
		{53404A4D-0346-4AA6-ADD3-73B7798CA7E1}.Purify|Win32.ActiveCfg = Release|Win32
		{53404A4D-0346-4AA6-ADD3-73B7798CA7E1}.Purify|Win32.Build.0 = Release|Win32
		{53404A4D-0346-4AA6-ADD3-73B7798CA7E1}.Purify|x64.ActiveCfg = Release|Win32
		{53404A4D-0346-4AA6-ADD3-73B7798CA7E1}.Release|Win32.ActiveCfg = Release|Win32
		{53404A4D-0346-4AA6-ADD3-73B7798CA7E1}.Release|Win32.Build.0 = Release|Win32
		{53404A4D-0346-4AA6-ADD3-73B7798CA7E1}.Release|x64.ActiveCfg = Release|Win32
		{53404A4D-0346-4AA6-ADD3-73B7798CA7E1}.WithOpenPGM|Win32.ActiveCfg = Release|Win32
		{53404A4D-0346-4AA6-ADD3-73B7798CA7E1}.WithOpenPGM|Win32.Build.0 = Release|Win32
		{53404A4D-0346-4AA6-ADD3-73B7798CA7E1}.WithOpenPGM|x64.ActiveCfg = Release|Win32
		{E92D648B-4372-4BAF-91B1-4E20BEB257CD}.Debug|Win32.ActiveCfg = Debug|Win32
		{E92D648B-4372-4BAF-91B1-4E20BEB257CD}.Debug|Win32.Build.0 = Debug|Win32
		{E92D648B-4372-4BAF-91B1-4E20BEB257CD}.Debug|x64.ActiveCfg = Debug|Win32
		{E92D648B-4372-4BAF-91B1-4E20BEB257CD}.DLL Debug - DLL OpenSSL - DLL LibSSH2|Win32.ActiveCfg = Debug|Win32
		{E92D648B-4372-4BAF-91B1-4E20BEB257CD}.DLL Debug - DLL OpenSSL - DLL LibSSH2|Win32.Build.0 = Debug|Win32
		{E92D648B-4372-4BAF-91B1-4E20BEB257CD}.DLL Debug - DLL OpenSSL - DLL LibSSH2|x64.ActiveCfg = Debug|Win32
		{E92D648B-4372-4BAF-91B1-4E20BEB257CD}.DLL Debug - DLL OpenSSL|Win32.ActiveCfg = Debug|Win32
		{E92D648B-4372-4BAF-91B1-4E20BEB257CD}.DLL Debug - DLL OpenSSL|Win32.Build.0 = Debug|Win32
		{E92D648B-4372-4BAF-91B1-4E20BEB257CD}.DLL Debug - DLL OpenSSL|x64.ActiveCfg = Debug|Win32
		{E92D648B-4372-4BAF-91B1-4E20BEB257CD}.DLL Debug - DLL Windows SSPI|Win32.ActiveCfg = Debug|Win32
		{E92D648B-4372-4BAF-91B1-4E20BEB257CD}.DLL Debug - DLL Windows SSPI|Win32.Build.0 = Debug|Win32
		{E92D648B-4372-4BAF-91B1-4E20BEB257CD}.DLL Debug - DLL Windows SSPI|x64.ActiveCfg = Debug|Win32
		{E92D648B-4372-4BAF-91B1-4E20BEB257CD}.DLL Debug|Win32.ActiveCfg = Debug|Win32
		{E92D648B-4372-4BAF-91B1-4E20BEB257CD}.DLL Debug|Win32.Build.0 = Debug|Win32
		{E92D648B-4372-4BAF-91B1-4E20BEB257CD}.DLL Debug|x64.ActiveCfg = Debug|Win32
		{E92D648B-4372-4BAF-91B1-4E20BEB257CD}.DLL Release - DLL OpenSSL - DLL LibSSH2|Win32.ActiveCfg = Release|Win32
		{E92D648B-4372-4BAF-91B1-4E20BEB257CD}.DLL Release - DLL OpenSSL - DLL LibSSH2|Win32.Build.0 = Release|Win32
		{E92D648B-4372-4BAF-91B1-4E20BEB257CD}.DLL Release - DLL OpenSSL - DLL LibSSH2|x64.ActiveCfg = Release|Win32
		{E92D648B-4372-4BAF-91B1-4E20BEB257CD}.DLL Release - DLL OpenSSL|Win32.ActiveCfg = Release|Win32
		{E92D648B-4372-4BAF-91B1-4E20BEB257CD}.DLL Release - DLL OpenSSL|Win32.Build.0 = Release|Win32
		{E92D648B-4372-4BAF-91B1-4E20BEB257CD}.DLL Release - DLL OpenSSL|x64.ActiveCfg = Release|Win32
		{E92D648B-4372-4BAF-91B1-4E20BEB257CD}.DLL Release - DLL Windows SSPI|Win32.ActiveCfg = Release|Win32
		{E92D648B-4372-4BAF-91B1-4E20BEB257CD}.DLL Release - DLL Windows SSPI|Win32.Build.0 = Release|Win32
		{E92D648B-4372-4BAF-91B1-4E20BEB257CD}.DLL Release - DLL Windows SSPI|x64.ActiveCfg = Release|Win32
		{E92D648B-4372-4BAF-91B1-4E20BEB257CD}.DLL Release|Win32.ActiveCfg = Release|Win32
		{E92D648B-4372-4BAF-91B1-4E20BEB257CD}.DLL Release|Win32.Build.0 = Release|Win32
		{E92D648B-4372-4BAF-91B1-4E20BEB257CD}.DLL Release|x64.ActiveCfg = Release|Win32
		{E92D648B-4372-4BAF-91B1-4E20BEB257CD}.LIB Debug - DLL OpenSSL - DLL LibSSH2|Win32.ActiveCfg = Debug|Win32
		{E92D648B-4372-4BAF-91B1-4E20BEB257CD}.LIB Debug - DLL OpenSSL - DLL LibSSH2|Win32.Build.0 = Debug|Win32
		{E92D648B-4372-4BAF-91B1-4E20BEB257CD}.LIB Debug - DLL OpenSSL - DLL LibSSH2|x64.ActiveCfg = Debug|Win32
		{E92D648B-4372-4BAF-91B1-4E20BEB257CD}.LIB Debug - DLL OpenSSL|Win32.ActiveCfg = Debug|Win32
		{E92D648B-4372-4BAF-91B1-4E20BEB257CD}.LIB Debug - DLL OpenSSL|Win32.Build.0 = Debug|Win32
		{E92D648B-4372-4BAF-91B1-4E20BEB257CD}.LIB Debug - DLL OpenSSL|x64.ActiveCfg = Debug|Win32
		{E92D648B-4372-4BAF-91B1-4E20BEB257CD}.LIB Debug - DLL Windows SSPI|Win32.ActiveCfg = Debug|Win32
		{E92D648B-4372-4BAF-91B1-4E20BEB257CD}.LIB Debug - DLL Windows SSPI|Win32.Build.0 = Debug|Win32
		{E92D648B-4372-4BAF-91B1-4E20BEB257CD}.LIB Debug - DLL Windows SSPI|x64.ActiveCfg = Debug|Win32
		{E92D648B-4372-4BAF-91B1-4E20BEB257CD}.LIB Debug - LIB OpenSSL - LIB LibSSH2|Win32.ActiveCfg = Debug|Win32
		{E92D648B-4372-4BAF-91B1-4E20BEB257CD}.LIB Debug - LIB OpenSSL - LIB LibSSH2|Win32.Build.0 = Debug|Win32
		{E92D648B-4372-4BAF-91B1-4E20BEB257CD}.LIB Debug - LIB OpenSSL - LIB LibSSH2|x64.ActiveCfg = Debug|Win32
		{E92D648B-4372-4BAF-91B1-4E20BEB257CD}.LIB Debug - LIB OpenSSL|Win32.ActiveCfg = Debug|Win32
		{E92D648B-4372-4BAF-91B1-4E20BEB257CD}.LIB Debug - LIB OpenSSL|Win32.Build.0 = Debug|Win32
		{E92D648B-4372-4BAF-91B1-4E20BEB257CD}.LIB Debug - LIB OpenSSL|x64.ActiveCfg = Debug|Win32
		{E92D648B-4372-4BAF-91B1-4E20BEB257CD}.LIB Debug|Win32.ActiveCfg = Debug|Win32
		{E92D648B-4372-4BAF-91B1-4E20BEB257CD}.LIB Debug|Win32.Build.0 = Debug|Win32
		{E92D648B-4372-4BAF-91B1-4E20BEB257CD}.LIB Debug|x64.ActiveCfg = Debug|Win32
		{E92D648B-4372-4BAF-91B1-4E20BEB257CD}.LIB Release - DLL OpenSSL - DLL LibSSH2|Win32.ActiveCfg = Release|Win32
		{E92D648B-4372-4BAF-91B1-4E20BEB257CD}.LIB Release - DLL OpenSSL - DLL LibSSH2|Win32.Build.0 = Release|Win32
		{E92D648B-4372-4BAF-91B1-4E20BEB257CD}.LIB Release - DLL OpenSSL - DLL LibSSH2|x64.ActiveCfg = Release|Win32
		{E92D648B-4372-4BAF-91B1-4E20BEB257CD}.LIB Release - DLL OpenSSL|Win32.ActiveCfg = Release|Win32
		{E92D648B-4372-4BAF-91B1-4E20BEB257CD}.LIB Release - DLL OpenSSL|Win32.Build.0 = Release|Win32
		{E92D648B-4372-4BAF-91B1-4E20BEB257CD}.LIB Release - DLL OpenSSL|x64.ActiveCfg = Release|Win32
		{E92D648B-4372-4BAF-91B1-4E20BEB257CD}.LIB Release - DLL Windows SSPI|Win32.ActiveCfg = Release|Win32
		{E92D648B-4372-4BAF-91B1-4E20BEB257CD}.LIB Release - DLL Windows SSPI|Win32.Build.0 = Release|Win32
		{E92D648B-4372-4BAF-91B1-4E20BEB257CD}.LIB Release - DLL Windows SSPI|x64.ActiveCfg = Release|Win32
		{E92D648B-4372-4BAF-91B1-4E20BEB257CD}.LIB Release - LIB OpenSSL - LIB LibSSH2|Win32.ActiveCfg = Release|Win32
		{E92D648B-4372-4BAF-91B1-4E20BEB257CD}.LIB Release - LIB OpenSSL - LIB LibSSH2|Win32.Build.0 = Release|Win32
		{E92D648B-4372-4BAF-91B1-4E20BEB257CD}.LIB Release - LIB OpenSSL - LIB LibSSH2|x64.ActiveCfg = Release|Win32
		{E92D648B-4372-4BAF-91B1-4E20BEB257CD}.LIB Release - LIB OpenSSL|Win32.ActiveCfg = Release|Win32
		{E92D648B-4372-4BAF-91B1-4E20BEB257CD}.LIB Release - LIB OpenSSL|Win32.Build.0 = Release|Win32
		{E92D648B-4372-4BAF-91B1-4E20BEB257CD}.LIB Release - LIB OpenSSL|x64.ActiveCfg = Release|Win32
		{E92D648B-4372-4BAF-91B1-4E20BEB257CD}.LIB Release|Win32.ActiveCfg = Release|Win32
		{E92D648B-4372-4BAF-91B1-4E20BEB257CD}.LIB Release|Win32.Build.0 = Release|Win32
		{E92D648B-4372-4BAF-91B1-4E20BEB257CD}.LIB Release|x64.ActiveCfg = Release|Win32
		{E92D648B-4372-4BAF-91B1-4E20BEB257CD}.Purify|Win32.ActiveCfg = Release|Win32
		{E92D648B-4372-4BAF-91B1-4E20BEB257CD}.Purify|Win32.Build.0 = Release|Win32
		{E92D648B-4372-4BAF-91B1-4E20BEB257CD}.Purify|x64.ActiveCfg = Release|Win32
		{E92D648B-4372-4BAF-91B1-4E20BEB257CD}.Release|Win32.ActiveCfg = Release|Win32
		{E92D648B-4372-4BAF-91B1-4E20BEB257CD}.Release|Win32.Build.0 = Release|Win32
		{E92D648B-4372-4BAF-91B1-4E20BEB257CD}.Release|x64.ActiveCfg = Release|Win32
		{E92D648B-4372-4BAF-91B1-4E20BEB257CD}.WithOpenPGM|Win32.ActiveCfg = Release|Win32
		{E92D648B-4372-4BAF-91B1-4E20BEB257CD}.WithOpenPGM|Win32.Build.0 = Release|Win32
		{E92D648B-4372-4BAF-91B1-4E20BEB257CD}.WithOpenPGM|x64.ActiveCfg = Release|Win32
		{3B0E5FD2-E5C1-4DAD-8698-A4CD1F0101B9}.Debug|Win32.ActiveCfg = Debug|Win32
		{3B0E5FD2-E5C1-4DAD-8698-A4CD1F0101B9}.Debug|Win32.Build.0 = Debug|Win32
		{3B0E5FD2-E5C1-4DAD-8698-A4CD1F0101B9}.Debug|x64.ActiveCfg = Debug|Win32
		{3B0E5FD2-E5C1-4DAD-8698-A4CD1F0101B9}.DLL Debug - DLL OpenSSL - DLL LibSSH2|Win32.ActiveCfg = Debug|Win32
		{3B0E5FD2-E5C1-4DAD-8698-A4CD1F0101B9}.DLL Debug - DLL OpenSSL - DLL LibSSH2|Win32.Build.0 = Debug|Win32
		{3B0E5FD2-E5C1-4DAD-8698-A4CD1F0101B9}.DLL Debug - DLL OpenSSL - DLL LibSSH2|x64.ActiveCfg = Debug|Win32
		{3B0E5FD2-E5C1-4DAD-8698-A4CD1F0101B9}.DLL Debug - DLL OpenSSL|Win32.ActiveCfg = Debug|Win32
		{3B0E5FD2-E5C1-4DAD-8698-A4CD1F0101B9}.DLL Debug - DLL OpenSSL|Win32.Build.0 = Debug|Win32
		{3B0E5FD2-E5C1-4DAD-8698-A4CD1F0101B9}.DLL Debug - DLL OpenSSL|x64.ActiveCfg = Debug|Win32
		{3B0E5FD2-E5C1-4DAD-8698-A4CD1F0101B9}.DLL Debug - DLL Windows SSPI|Win32.ActiveCfg = Debug|Win32
		{3B0E5FD2-E5C1-4DAD-8698-A4CD1F0101B9}.DLL Debug - DLL Windows SSPI|Win32.Build.0 = Debug|Win32
		{3B0E5FD2-E5C1-4DAD-8698-A4CD1F0101B9}.DLL Debug - DLL Windows SSPI|x64.ActiveCfg = Debug|Win32
		{3B0E5FD2-E5C1-4DAD-8698-A4CD1F0101B9}.DLL Debug|Win32.ActiveCfg = Debug|Win32
		{3B0E5FD2-E5C1-4DAD-8698-A4CD1F0101B9}.DLL Debug|Win32.Build.0 = Debug|Win32
		{3B0E5FD2-E5C1-4DAD-8698-A4CD1F0101B9}.DLL Debug|x64.ActiveCfg = Debug|Win32
		{3B0E5FD2-E5C1-4DAD-8698-A4CD1F0101B9}.DLL Release - DLL OpenSSL - DLL LibSSH2|Win32.ActiveCfg = Release|Win32
		{3B0E5FD2-E5C1-4DAD-8698-A4CD1F0101B9}.DLL Release - DLL OpenSSL - DLL LibSSH2|Win32.Build.0 = Release|Win32
		{3B0E5FD2-E5C1-4DAD-8698-A4CD1F0101B9}.DLL Release - DLL OpenSSL - DLL LibSSH2|x64.ActiveCfg = Release|Win32
		{3B0E5FD2-E5C1-4DAD-8698-A4CD1F0101B9}.DLL Release - DLL OpenSSL|Win32.ActiveCfg = Release|Win32
		{3B0E5FD2-E5C1-4DAD-8698-A4CD1F0101B9}.DLL Release - DLL OpenSSL|Win32.Build.0 = Release|Win32
		{3B0E5FD2-E5C1-4DAD-8698-A4CD1F0101B9}.DLL Release - DLL OpenSSL|x64.ActiveCfg = Release|Win32
		{3B0E5FD2-E5C1-4DAD-8698-A4CD1F0101B9}.DLL Release - DLL Windows SSPI|Win32.ActiveCfg = Release|Win32
		{3B0E5FD2-E5C1-4DAD-8698-A4CD1F0101B9}.DLL Release - DLL Windows SSPI|Win32.Build.0 = Release|Win32
		{3B0E5FD2-E5C1-4DAD-8698-A4CD1F0101B9}.DLL Release - DLL Windows SSPI|x64.ActiveCfg = Release|Win32
		{3B0E5FD2-E5C1-4DAD-8698-A4CD1F0101B9}.DLL Release|Win32.ActiveCfg = Release|Win32
		{3B0E5FD2-E5C1-4DAD-8698-A4CD1F0101B9}.DLL Release|Win32.Build.0 = Release|Win32
		{3B0E5FD2-E5C1-4DAD-8698-A4CD1F0101B9}.DLL Release|x64.ActiveCfg = Release|Win32
		{3B0E5FD2-E5C1-4DAD-8698-A4CD1F0101B9}.LIB Debug - DLL OpenSSL - DLL LibSSH2|Win32.ActiveCfg = Debug|Win32
		{3B0E5FD2-E5C1-4DAD-8698-A4CD1F0101B9}.LIB Debug - DLL OpenSSL - DLL LibSSH2|Win32.Build.0 = Debug|Win32
		{3B0E5FD2-E5C1-4DAD-8698-A4CD1F0101B9}.LIB Debug - DLL OpenSSL - DLL LibSSH2|x64.ActiveCfg = Debug|Win32
		{3B0E5FD2-E5C1-4DAD-8698-A4CD1F0101B9}.LIB Debug - DLL OpenSSL|Win32.ActiveCfg = Debug|Win32
		{3B0E5FD2-E5C1-4DAD-8698-A4CD1F0101B9}.LIB Debug - DLL OpenSSL|Win32.Build.0 = Debug|Win32
		{3B0E5FD2-E5C1-4DAD-8698-A4CD1F0101B9}.LIB Debug - DLL OpenSSL|x64.ActiveCfg = Debug|Win32
		{3B0E5FD2-E5C1-4DAD-8698-A4CD1F0101B9}.LIB Debug - DLL Windows SSPI|Win32.ActiveCfg = Debug|Win32
		{3B0E5FD2-E5C1-4DAD-8698-A4CD1F0101B9}.LIB Debug - DLL Windows SSPI|Win32.Build.0 = Debug|Win32
		{3B0E5FD2-E5C1-4DAD-8698-A4CD1F0101B9}.LIB Debug - DLL Windows SSPI|x64.ActiveCfg = Debug|Win32
		{3B0E5FD2-E5C1-4DAD-8698-A4CD1F0101B9}.LIB Debug - LIB OpenSSL - LIB LibSSH2|Win32.ActiveCfg = Debug|Win32
		{3B0E5FD2-E5C1-4DAD-8698-A4CD1F0101B9}.LIB Debug - LIB OpenSSL - LIB LibSSH2|Win32.Build.0 = Debug|Win32
		{3B0E5FD2-E5C1-4DAD-8698-A4CD1F0101B9}.LIB Debug - LIB OpenSSL - LIB LibSSH2|x64.ActiveCfg = Debug|Win32
		{3B0E5FD2-E5C1-4DAD-8698-A4CD1F0101B9}.LIB Debug - LIB OpenSSL|Win32.ActiveCfg = Debug|Win32
		{3B0E5FD2-E5C1-4DAD-8698-A4CD1F0101B9}.LIB Debug - LIB OpenSSL|Win32.Build.0 = Debug|Win32
		{3B0E5FD2-E5C1-4DAD-8698-A4CD1F0101B9}.LIB Debug - LIB OpenSSL|x64.ActiveCfg = Debug|Win32
		{3B0E5FD2-E5C1-4DAD-8698-A4CD1F0101B9}.LIB Debug|Win32.ActiveCfg = Debug|Win32
		{3B0E5FD2-E5C1-4DAD-8698-A4CD1F0101B9}.LIB Debug|Win32.Build.0 = Debug|Win32
		{3B0E5FD2-E5C1-4DAD-8698-A4CD1F0101B9}.LIB Debug|x64.ActiveCfg = Debug|Win32
		{3B0E5FD2-E5C1-4DAD-8698-A4CD1F0101B9}.LIB Release - DLL OpenSSL - DLL LibSSH2|Win32.ActiveCfg = Release|Win32
		{3B0E5FD2-E5C1-4DAD-8698-A4CD1F0101B9}.LIB Release - DLL OpenSSL - DLL LibSSH2|Win32.Build.0 = Release|Win32
		{3B0E5FD2-E5C1-4DAD-8698-A4CD1F0101B9}.LIB Release - DLL OpenSSL - DLL LibSSH2|x64.ActiveCfg = Release|Win32
		{3B0E5FD2-E5C1-4DAD-8698-A4CD1F0101B9}.LIB Release - DLL OpenSSL|Win32.ActiveCfg = Release|Win32
		{3B0E5FD2-E5C1-4DAD-8698-A4CD1F0101B9}.LIB Release - DLL OpenSSL|Win32.Build.0 = Release|Win32
		{3B0E5FD2-E5C1-4DAD-8698-A4CD1F0101B9}.LIB Release - DLL OpenSSL|x64.ActiveCfg = Release|Win32
		{3B0E5FD2-E5C1-4DAD-8698-A4CD1F0101B9}.LIB Release - DLL Windows SSPI|Win32.ActiveCfg = Release|Win32
		{3B0E5FD2-E5C1-4DAD-8698-A4CD1F0101B9}.LIB Release - DLL Windows SSPI|Win32.Build.0 = Release|Win32
		{3B0E5FD2-E5C1-4DAD-8698-A4CD1F0101B9}.LIB Release - DLL Windows SSPI|x64.ActiveCfg = Release|Win32
		{3B0E5FD2-E5C1-4DAD-8698-A4CD1F0101B9}.LIB Release - LIB OpenSSL - LIB LibSSH2|Win32.ActiveCfg = Release|Win32
		{3B0E5FD2-E5C1-4DAD-8698-A4CD1F0101B9}.LIB Release - LIB OpenSSL - LIB LibSSH2|Win32.Build.0 = Release|Win32
		{3B0E5FD2-E5C1-4DAD-8698-A4CD1F0101B9}.LIB Release - LIB OpenSSL - LIB LibSSH2|x64.ActiveCfg = Release|Win32
		{3B0E5FD2-E5C1-4DAD-8698-A4CD1F0101B9}.LIB Release - LIB OpenSSL|Win32.ActiveCfg = Release|Win32
		{3B0E5FD2-E5C1-4DAD-8698-A4CD1F0101B9}.LIB Release - LIB OpenSSL|Win32.Build.0 = Release|Win32
		{3B0E5FD2-E5C1-4DAD-8698-A4CD1F0101B9}.LIB Release - LIB OpenSSL|x64.ActiveCfg = Release|Win32
		{3B0E5FD2-E5C1-4DAD-8698-A4CD1F0101B9}.LIB Release|Win32.ActiveCfg = Release|Win32
		{3B0E5FD2-E5C1-4DAD-8698-A4CD1F0101B9}.LIB Release|Win32.Build.0 = Release|Win32
		{3B0E5FD2-E5C1-4DAD-8698-A4CD1F0101B9}.LIB Release|x64.ActiveCfg = Release|Win32
		{3B0E5FD2-E5C1-4DAD-8698-A4CD1F0101B9}.Purify|Win32.ActiveCfg = Release|Win32
		{3B0E5FD2-E5C1-4DAD-8698-A4CD1F0101B9}.Purify|Win32.Build.0 = Release|Win32
		{3B0E5FD2-E5C1-4DAD-8698-A4CD1F0101B9}.Purify|x64.ActiveCfg = Release|Win32
		{3B0E5FD2-E5C1-4DAD-8698-A4CD1F0101B9}.Release|Win32.ActiveCfg = Release|Win32
		{3B0E5FD2-E5C1-4DAD-8698-A4CD1F0101B9}.Release|Win32.Build.0 = Release|Win32
		{3B0E5FD2-E5C1-4DAD-8698-A4CD1F0101B9}.Release|x64.ActiveCfg = Release|Win32
		{3B0E5FD2-E5C1-4DAD-8698-A4CD1F0101B9}.WithOpenPGM|Win32.ActiveCfg = Release|Win32
		{3B0E5FD2-E5C1-4DAD-8698-A4CD1F0101B9}.WithOpenPGM|Win32.Build.0 = Release|Win32
		{3B0E5FD2-E5C1-4DAD-8698-A4CD1F0101B9}.WithOpenPGM|x64.ActiveCfg = Release|Win32
		{8C1B25CA-2D7D-415F-A6B5-70E90E928E63}.Debug|Win32.ActiveCfg = Debug|Win32
		{8C1B25CA-2D7D-415F-A6B5-70E90E928E63}.Debug|Win32.Build.0 = Debug|Win32
		{8C1B25CA-2D7D-415F-A6B5-70E90E928E63}.Debug|x64.ActiveCfg = Debug|Win32
		{8C1B25CA-2D7D-415F-A6B5-70E90E928E63}.DLL Debug - DLL OpenSSL - DLL LibSSH2|Win32.ActiveCfg = Debug|Win32
		{8C1B25CA-2D7D-415F-A6B5-70E90E928E63}.DLL Debug - DLL OpenSSL - DLL LibSSH2|Win32.Build.0 = Debug|Win32
		{8C1B25CA-2D7D-415F-A6B5-70E90E928E63}.DLL Debug - DLL OpenSSL - DLL LibSSH2|x64.ActiveCfg = Debug|Win32
		{8C1B25CA-2D7D-415F-A6B5-70E90E928E63}.DLL Debug - DLL OpenSSL|Win32.ActiveCfg = Debug|Win32
		{8C1B25CA-2D7D-415F-A6B5-70E90E928E63}.DLL Debug - DLL OpenSSL|Win32.Build.0 = Debug|Win32
		{8C1B25CA-2D7D-415F-A6B5-70E90E928E63}.DLL Debug - DLL OpenSSL|x64.ActiveCfg = Debug|Win32
		{8C1B25CA-2D7D-415F-A6B5-70E90E928E63}.DLL Debug - DLL Windows SSPI|Win32.ActiveCfg = Debug|Win32
		{8C1B25CA-2D7D-415F-A6B5-70E90E928E63}.DLL Debug - DLL Windows SSPI|Win32.Build.0 = Debug|Win32
		{8C1B25CA-2D7D-415F-A6B5-70E90E928E63}.DLL Debug - DLL Windows SSPI|x64.ActiveCfg = Debug|Win32
		{8C1B25CA-2D7D-415F-A6B5-70E90E928E63}.DLL Debug|Win32.ActiveCfg = Debug|Win32
		{8C1B25CA-2D7D-415F-A6B5-70E90E928E63}.DLL Debug|Win32.Build.0 = Debug|Win32
		{8C1B25CA-2D7D-415F-A6B5-70E90E928E63}.DLL Debug|x64.ActiveCfg = Debug|Win32
		{8C1B25CA-2D7D-415F-A6B5-70E90E928E63}.DLL Release - DLL OpenSSL - DLL LibSSH2|Win32.ActiveCfg = Release|Win32
		{8C1B25CA-2D7D-415F-A6B5-70E90E928E63}.DLL Release - DLL OpenSSL - DLL LibSSH2|Win32.Build.0 = Release|Win32
		{8C1B25CA-2D7D-415F-A6B5-70E90E928E63}.DLL Release - DLL OpenSSL - DLL LibSSH2|x64.ActiveCfg = Release|Win32
		{8C1B25CA-2D7D-415F-A6B5-70E90E928E63}.DLL Release - DLL OpenSSL|Win32.ActiveCfg = Release|Win32
		{8C1B25CA-2D7D-415F-A6B5-70E90E928E63}.DLL Release - DLL OpenSSL|Win32.Build.0 = Release|Win32
		{8C1B25CA-2D7D-415F-A6B5-70E90E928E63}.DLL Release - DLL OpenSSL|x64.ActiveCfg = Release|Win32
		{8C1B25CA-2D7D-415F-A6B5-70E90E928E63}.DLL Release - DLL Windows SSPI|Win32.ActiveCfg = Release|Win32
		{8C1B25CA-2D7D-415F-A6B5-70E90E928E63}.DLL Release - DLL Windows SSPI|Win32.Build.0 = Release|Win32
		{8C1B25CA-2D7D-415F-A6B5-70E90E928E63}.DLL Release - DLL Windows SSPI|x64.ActiveCfg = Release|Win32
		{8C1B25CA-2D7D-415F-A6B5-70E90E928E63}.DLL Release|Win32.ActiveCfg = Release|Win32
		{8C1B25CA-2D7D-415F-A6B5-70E90E928E63}.DLL Release|Win32.Build.0 = Release|Win32
		{8C1B25CA-2D7D-415F-A6B5-70E90E928E63}.DLL Release|x64.ActiveCfg = Release|Win32
		{8C1B25CA-2D7D-415F-A6B5-70E90E928E63}.LIB Debug - DLL OpenSSL - DLL LibSSH2|Win32.ActiveCfg = Debug|Win32
		{8C1B25CA-2D7D-415F-A6B5-70E90E928E63}.LIB Debug - DLL OpenSSL - DLL LibSSH2|Win32.Build.0 = Debug|Win32
		{8C1B25CA-2D7D-415F-A6B5-70E90E928E63}.LIB Debug - DLL OpenSSL - DLL LibSSH2|x64.ActiveCfg = Debug|Win32
		{8C1B25CA-2D7D-415F-A6B5-70E90E928E63}.LIB Debug - DLL OpenSSL|Win32.ActiveCfg = Debug|Win32
		{8C1B25CA-2D7D-415F-A6B5-70E90E928E63}.LIB Debug - DLL OpenSSL|Win32.Build.0 = Debug|Win32
		{8C1B25CA-2D7D-415F-A6B5-70E90E928E63}.LIB Debug - DLL OpenSSL|x64.ActiveCfg = Debug|Win32
		{8C1B25CA-2D7D-415F-A6B5-70E90E928E63}.LIB Debug - DLL Windows SSPI|Win32.ActiveCfg = Debug|Win32
		{8C1B25CA-2D7D-415F-A6B5-70E90E928E63}.LIB Debug - DLL Windows SSPI|Win32.Build.0 = Debug|Win32
		{8C1B25CA-2D7D-415F-A6B5-70E90E928E63}.LIB Debug - DLL Windows SSPI|x64.ActiveCfg = Debug|Win32
		{8C1B25CA-2D7D-415F-A6B5-70E90E928E63}.LIB Debug - LIB OpenSSL - LIB LibSSH2|Win32.ActiveCfg = Debug|Win32
		{8C1B25CA-2D7D-415F-A6B5-70E90E928E63}.LIB Debug - LIB OpenSSL - LIB LibSSH2|Win32.Build.0 = Debug|Win32
		{8C1B25CA-2D7D-415F-A6B5-70E90E928E63}.LIB Debug - LIB OpenSSL - LIB LibSSH2|x64.ActiveCfg = Debug|Win32
		{8C1B25CA-2D7D-415F-A6B5-70E90E928E63}.LIB Debug - LIB OpenSSL|Win32.ActiveCfg = Debug|Win32
		{8C1B25CA-2D7D-415F-A6B5-70E90E928E63}.LIB Debug - LIB OpenSSL|Win32.Build.0 = Debug|Win32
		{8C1B25CA-2D7D-415F-A6B5-70E90E928E63}.LIB Debug - LIB OpenSSL|x64.ActiveCfg = Debug|Win32
		{8C1B25CA-2D7D-415F-A6B5-70E90E928E63}.LIB Debug|Win32.ActiveCfg = Debug|Win32
		{8C1B25CA-2D7D-415F-A6B5-70E90E928E63}.LIB Debug|Win32.Build.0 = Debug|Win32
		{8C1B25CA-2D7D-415F-A6B5-70E90E928E63}.LIB Debug|x64.ActiveCfg = Debug|Win32
		{8C1B25CA-2D7D-415F-A6B5-70E90E928E63}.LIB Release - DLL OpenSSL - DLL LibSSH2|Win32.ActiveCfg = Release|Win32
		{8C1B25CA-2D7D-415F-A6B5-70E90E928E63}.LIB Release - DLL OpenSSL - DLL LibSSH2|Win32.Build.0 = Release|Win32
		{8C1B25CA-2D7D-415F-A6B5-70E90E928E63}.LIB Release - DLL OpenSSL - DLL LibSSH2|x64.ActiveCfg = Release|Win32
		{8C1B25CA-2D7D-415F-A6B5-70E90E928E63}.LIB Release - DLL OpenSSL|Win32.ActiveCfg = Release|Win32
		{8C1B25CA-2D7D-415F-A6B5-70E90E928E63}.LIB Release - DLL OpenSSL|Win32.Build.0 = Release|Win32
		{8C1B25CA-2D7D-415F-A6B5-70E90E928E63}.LIB Release - DLL OpenSSL|x64.ActiveCfg = Release|Win32
		{8C1B25CA-2D7D-415F-A6B5-70E90E928E63}.LIB Release - DLL Windows SSPI|Win32.ActiveCfg = Release|Win32
		{8C1B25CA-2D7D-415F-A6B5-70E90E928E63}.LIB Release - DLL Windows SSPI|Win32.Build.0 = Release|Win32
		{8C1B25CA-2D7D-415F-A6B5-70E90E928E63}.LIB Release - DLL Windows SSPI|x64.ActiveCfg = Release|Win32
		{8C1B25CA-2D7D-415F-A6B5-70E90E928E63}.LIB Release - LIB OpenSSL - LIB LibSSH2|Win32.ActiveCfg = Release|Win32
		{8C1B25CA-2D7D-415F-A6B5-70E90E928E63}.LIB Release - LIB OpenSSL - LIB LibSSH2|Win32.Build.0 = Release|Win32
		{8C1B25CA-2D7D-415F-A6B5-70E90E928E63}.LIB Release - LIB OpenSSL - LIB LibSSH2|x64.ActiveCfg = Release|Win32
		{8C1B25CA-2D7D-415F-A6B5-70E90E928E63}.LIB Release - LIB OpenSSL|Win32.ActiveCfg = Release|Win32
		{8C1B25CA-2D7D-415F-A6B5-70E90E928E63}.LIB Release - LIB OpenSSL|Win32.Build.0 = Release|Win32
		{8C1B25CA-2D7D-415F-A6B5-70E90E928E63}.LIB Release - LIB OpenSSL|x64.ActiveCfg = Release|Win32
		{8C1B25CA-2D7D-415F-A6B5-70E90E928E63}.LIB Release|Win32.ActiveCfg = Release|Win32
		{8C1B25CA-2D7D-415F-A6B5-70E90E928E63}.LIB Release|Win32.Build.0 = Release|Win32
		{8C1B25CA-2D7D-415F-A6B5-70E90E928E63}.LIB Release|x64.ActiveCfg = Release|Win32
		{8C1B25CA-2D7D-415F-A6B5-70E90E928E63}.Purify|Win32.ActiveCfg = Release|Win32
		{8C1B25CA-2D7D-415F-A6B5-70E90E928E63}.Purify|Win32.Build.0 = Release|Win32
		{8C1B25CA-2D7D-415F-A6B5-70E90E928E63}.Purify|x64.ActiveCfg = Release|Win32
		{8C1B25CA-2D7D-415F-A6B5-70E90E928E63}.Release|Win32.ActiveCfg = Release|Win32
		{8C1B25CA-2D7D-415F-A6B5-70E90E928E63}.Release|Win32.Build.0 = Release|Win32
		{8C1B25CA-2D7D-415F-A6B5-70E90E928E63}.Release|x64.ActiveCfg = Release|Win32
		{8C1B25CA-2D7D-415F-A6B5-70E90E928E63}.WithOpenPGM|Win32.ActiveCfg = Release|Win32
		{8C1B25CA-2D7D-415F-A6B5-70E90E928E63}.WithOpenPGM|Win32.Build.0 = Release|Win32
		{8C1B25CA-2D7D-415F-A6B5-70E90E928E63}.WithOpenPGM|x64.ActiveCfg = Release|Win32
		{43807E9E-3D83-E8E4-8CD1-13E98FFC6045}.Debug|Win32.ActiveCfg = Debug|Win32
		{43807E9E-3D83-E8E4-8CD1-13E98FFC6045}.Debug|Win32.Build.0 = Debug|Win32
		{43807E9E-3D83-E8E4-8CD1-13E98FFC6045}.Debug|x64.ActiveCfg = Debug|x64
		{43807E9E-3D83-E8E4-8CD1-13E98FFC6045}.Debug|x64.Build.0 = Debug|x64
		{43807E9E-3D83-E8E4-8CD1-13E98FFC6045}.DLL Debug - DLL OpenSSL - DLL LibSSH2|Win32.ActiveCfg = Debug|x64
		{43807E9E-3D83-E8E4-8CD1-13E98FFC6045}.DLL Debug - DLL OpenSSL - DLL LibSSH2|x64.ActiveCfg = Debug|x64
		{43807E9E-3D83-E8E4-8CD1-13E98FFC6045}.DLL Debug - DLL OpenSSL - DLL LibSSH2|x64.Build.0 = Debug|x64
		{43807E9E-3D83-E8E4-8CD1-13E98FFC6045}.DLL Debug - DLL OpenSSL|Win32.ActiveCfg = Debug|x64
		{43807E9E-3D83-E8E4-8CD1-13E98FFC6045}.DLL Debug - DLL OpenSSL|x64.ActiveCfg = Debug|x64
		{43807E9E-3D83-E8E4-8CD1-13E98FFC6045}.DLL Debug - DLL OpenSSL|x64.Build.0 = Debug|x64
		{43807E9E-3D83-E8E4-8CD1-13E98FFC6045}.DLL Debug - DLL Windows SSPI|Win32.ActiveCfg = Debug|x64
		{43807E9E-3D83-E8E4-8CD1-13E98FFC6045}.DLL Debug - DLL Windows SSPI|x64.ActiveCfg = Debug|x64
		{43807E9E-3D83-E8E4-8CD1-13E98FFC6045}.DLL Debug - DLL Windows SSPI|x64.Build.0 = Debug|x64
		{43807E9E-3D83-E8E4-8CD1-13E98FFC6045}.DLL Debug|Win32.ActiveCfg = Debug|Win32
		{43807E9E-3D83-E8E4-8CD1-13E98FFC6045}.DLL Debug|Win32.Build.0 = Debug|Win32
		{43807E9E-3D83-E8E4-8CD1-13E98FFC6045}.DLL Debug|x64.ActiveCfg = Debug|x64
		{43807E9E-3D83-E8E4-8CD1-13E98FFC6045}.DLL Debug|x64.Build.0 = Debug|x64
		{43807E9E-3D83-E8E4-8CD1-13E98FFC6045}.DLL Release - DLL OpenSSL - DLL LibSSH2|Win32.ActiveCfg = Release|x64
		{43807E9E-3D83-E8E4-8CD1-13E98FFC6045}.DLL Release - DLL OpenSSL - DLL LibSSH2|x64.ActiveCfg = Release|x64
		{43807E9E-3D83-E8E4-8CD1-13E98FFC6045}.DLL Release - DLL OpenSSL - DLL LibSSH2|x64.Build.0 = Release|x64
		{43807E9E-3D83-E8E4-8CD1-13E98FFC6045}.DLL Release - DLL OpenSSL|Win32.ActiveCfg = Release|x64
		{43807E9E-3D83-E8E4-8CD1-13E98FFC6045}.DLL Release - DLL OpenSSL|x64.ActiveCfg = Release|x64
		{43807E9E-3D83-E8E4-8CD1-13E98FFC6045}.DLL Release - DLL OpenSSL|x64.Build.0 = Release|x64
		{43807E9E-3D83-E8E4-8CD1-13E98FFC6045}.DLL Release - DLL Windows SSPI|Win32.ActiveCfg = Release|x64
		{43807E9E-3D83-E8E4-8CD1-13E98FFC6045}.DLL Release - DLL Windows SSPI|x64.ActiveCfg = Release|x64
		{43807E9E-3D83-E8E4-8CD1-13E98FFC6045}.DLL Release - DLL Windows SSPI|x64.Build.0 = Release|x64
		{43807E9E-3D83-E8E4-8CD1-13E98FFC6045}.DLL Release|Win32.ActiveCfg = Release|Win32
		{43807E9E-3D83-E8E4-8CD1-13E98FFC6045}.DLL Release|Win32.Build.0 = Release|Win32
		{43807E9E-3D83-E8E4-8CD1-13E98FFC6045}.DLL Release|x64.ActiveCfg = Release|x64
		{43807E9E-3D83-E8E4-8CD1-13E98FFC6045}.DLL Release|x64.Build.0 = Release|x64
		{43807E9E-3D83-E8E4-8CD1-13E98FFC6045}.LIB Debug - DLL OpenSSL - DLL LibSSH2|Win32.ActiveCfg = Debug|x64
		{43807E9E-3D83-E8E4-8CD1-13E98FFC6045}.LIB Debug - DLL OpenSSL - DLL LibSSH2|x64.ActiveCfg = Debug|x64
		{43807E9E-3D83-E8E4-8CD1-13E98FFC6045}.LIB Debug - DLL OpenSSL - DLL LibSSH2|x64.Build.0 = Debug|x64
		{43807E9E-3D83-E8E4-8CD1-13E98FFC6045}.LIB Debug - DLL OpenSSL|Win32.ActiveCfg = Debug|x64
		{43807E9E-3D83-E8E4-8CD1-13E98FFC6045}.LIB Debug - DLL OpenSSL|x64.ActiveCfg = Debug|x64
		{43807E9E-3D83-E8E4-8CD1-13E98FFC6045}.LIB Debug - DLL OpenSSL|x64.Build.0 = Debug|x64
		{43807E9E-3D83-E8E4-8CD1-13E98FFC6045}.LIB Debug - DLL Windows SSPI|Win32.ActiveCfg = Debug|x64
		{43807E9E-3D83-E8E4-8CD1-13E98FFC6045}.LIB Debug - DLL Windows SSPI|x64.ActiveCfg = Debug|x64
		{43807E9E-3D83-E8E4-8CD1-13E98FFC6045}.LIB Debug - DLL Windows SSPI|x64.Build.0 = Debug|x64
		{43807E9E-3D83-E8E4-8CD1-13E98FFC6045}.LIB Debug - LIB OpenSSL - LIB LibSSH2|Win32.ActiveCfg = Debug|x64
		{43807E9E-3D83-E8E4-8CD1-13E98FFC6045}.LIB Debug - LIB OpenSSL - LIB LibSSH2|x64.ActiveCfg = Debug|x64
		{43807E9E-3D83-E8E4-8CD1-13E98FFC6045}.LIB Debug - LIB OpenSSL - LIB LibSSH2|x64.Build.0 = Debug|x64
		{43807E9E-3D83-E8E4-8CD1-13E98FFC6045}.LIB Debug - LIB OpenSSL|Win32.ActiveCfg = Debug|x64
		{43807E9E-3D83-E8E4-8CD1-13E98FFC6045}.LIB Debug - LIB OpenSSL|x64.ActiveCfg = Debug|x64
		{43807E9E-3D83-E8E4-8CD1-13E98FFC6045}.LIB Debug - LIB OpenSSL|x64.Build.0 = Debug|x64
		{43807E9E-3D83-E8E4-8CD1-13E98FFC6045}.LIB Debug|Win32.ActiveCfg = Debug|Win32
		{43807E9E-3D83-E8E4-8CD1-13E98FFC6045}.LIB Debug|Win32.Build.0 = Debug|Win32
		{43807E9E-3D83-E8E4-8CD1-13E98FFC6045}.LIB Debug|x64.ActiveCfg = Debug|x64
		{43807E9E-3D83-E8E4-8CD1-13E98FFC6045}.LIB Debug|x64.Build.0 = Debug|x64
		{43807E9E-3D83-E8E4-8CD1-13E98FFC6045}.LIB Release - DLL OpenSSL - DLL LibSSH2|Win32.ActiveCfg = Release|x64
		{43807E9E-3D83-E8E4-8CD1-13E98FFC6045}.LIB Release - DLL OpenSSL - DLL LibSSH2|x64.ActiveCfg = Release|x64
		{43807E9E-3D83-E8E4-8CD1-13E98FFC6045}.LIB Release - DLL OpenSSL - DLL LibSSH2|x64.Build.0 = Release|x64
		{43807E9E-3D83-E8E4-8CD1-13E98FFC6045}.LIB Release - DLL OpenSSL|Win32.ActiveCfg = Release|x64
		{43807E9E-3D83-E8E4-8CD1-13E98FFC6045}.LIB Release - DLL OpenSSL|x64.ActiveCfg = Release|x64
		{43807E9E-3D83-E8E4-8CD1-13E98FFC6045}.LIB Release - DLL OpenSSL|x64.Build.0 = Release|x64
		{43807E9E-3D83-E8E4-8CD1-13E98FFC6045}.LIB Release - DLL Windows SSPI|Win32.ActiveCfg = Release|x64
		{43807E9E-3D83-E8E4-8CD1-13E98FFC6045}.LIB Release - DLL Windows SSPI|x64.ActiveCfg = Release|x64
		{43807E9E-3D83-E8E4-8CD1-13E98FFC6045}.LIB Release - DLL Windows SSPI|x64.Build.0 = Release|x64
		{43807E9E-3D83-E8E4-8CD1-13E98FFC6045}.LIB Release - LIB OpenSSL - LIB LibSSH2|Win32.ActiveCfg = Release|x64
		{43807E9E-3D83-E8E4-8CD1-13E98FFC6045}.LIB Release - LIB OpenSSL - LIB LibSSH2|x64.ActiveCfg = Release|x64
		{43807E9E-3D83-E8E4-8CD1-13E98FFC6045}.LIB Release - LIB OpenSSL - LIB LibSSH2|x64.Build.0 = Release|x64
		{43807E9E-3D83-E8E4-8CD1-13E98FFC6045}.LIB Release - LIB OpenSSL|Win32.ActiveCfg = Release|x64
		{43807E9E-3D83-E8E4-8CD1-13E98FFC6045}.LIB Release - LIB OpenSSL|x64.ActiveCfg = Release|x64
		{43807E9E-3D83-E8E4-8CD1-13E98FFC6045}.LIB Release - LIB OpenSSL|x64.Build.0 = Release|x64
		{43807E9E-3D83-E8E4-8CD1-13E98FFC6045}.LIB Release|Win32.ActiveCfg = Release|Win32
		{43807E9E-3D83-E8E4-8CD1-13E98FFC6045}.LIB Release|Win32.Build.0 = Release|Win32
		{43807E9E-3D83-E8E4-8CD1-13E98FFC6045}.LIB Release|x64.ActiveCfg = Release|x64
		{43807E9E-3D83-E8E4-8CD1-13E98FFC6045}.LIB Release|x64.Build.0 = Release|x64
		{43807E9E-3D83-E8E4-8CD1-13E98FFC6045}.Purify|Win32.ActiveCfg = Debug|x64
		{43807E9E-3D83-E8E4-8CD1-13E98FFC6045}.Purify|x64.ActiveCfg = Debug|x64
		{43807E9E-3D83-E8E4-8CD1-13E98FFC6045}.Purify|x64.Build.0 = Debug|x64
		{43807E9E-3D83-E8E4-8CD1-13E98FFC6045}.Release|Win32.ActiveCfg = Release|Win32
		{43807E9E-3D83-E8E4-8CD1-13E98FFC6045}.Release|Win32.Build.0 = Release|Win32
		{43807E9E-3D83-E8E4-8CD1-13E98FFC6045}.Release|x64.ActiveCfg = Release|x64
		{43807E9E-3D83-E8E4-8CD1-13E98FFC6045}.Release|x64.Build.0 = Release|x64
		{43807E9E-3D83-E8E4-8CD1-13E98FFC6045}.WithOpenPGM|Win32.ActiveCfg = Debug|x64
		{43807E9E-3D83-E8E4-8CD1-13E98FFC6045}.WithOpenPGM|x64.ActiveCfg = Debug|x64
		{43807E9E-3D83-E8E4-8CD1-13E98FFC6045}.WithOpenPGM|x64.Build.0 = Debug|x64
		{E798F469-96F1-BC24-1ABE-D8C3C25A40B5}.Debug|Win32.ActiveCfg = Debug|Win32
		{E798F469-96F1-BC24-1ABE-D8C3C25A40B5}.Debug|Win32.Build.0 = Debug|Win32
		{E798F469-96F1-BC24-1ABE-D8C3C25A40B5}.Debug|x64.ActiveCfg = Debug|x64
		{E798F469-96F1-BC24-1ABE-D8C3C25A40B5}.Debug|x64.Build.0 = Debug|x64
		{E798F469-96F1-BC24-1ABE-D8C3C25A40B5}.DLL Debug - DLL OpenSSL - DLL LibSSH2|Win32.ActiveCfg = Debug|x64
		{E798F469-96F1-BC24-1ABE-D8C3C25A40B5}.DLL Debug - DLL OpenSSL - DLL LibSSH2|x64.ActiveCfg = Debug|x64
		{E798F469-96F1-BC24-1ABE-D8C3C25A40B5}.DLL Debug - DLL OpenSSL - DLL LibSSH2|x64.Build.0 = Debug|x64
		{E798F469-96F1-BC24-1ABE-D8C3C25A40B5}.DLL Debug - DLL OpenSSL|Win32.ActiveCfg = Debug|x64
		{E798F469-96F1-BC24-1ABE-D8C3C25A40B5}.DLL Debug - DLL OpenSSL|x64.ActiveCfg = Debug|x64
		{E798F469-96F1-BC24-1ABE-D8C3C25A40B5}.DLL Debug - DLL OpenSSL|x64.Build.0 = Debug|x64
		{E798F469-96F1-BC24-1ABE-D8C3C25A40B5}.DLL Debug - DLL Windows SSPI|Win32.ActiveCfg = Debug|x64
		{E798F469-96F1-BC24-1ABE-D8C3C25A40B5}.DLL Debug - DLL Windows SSPI|x64.ActiveCfg = Debug|x64
		{E798F469-96F1-BC24-1ABE-D8C3C25A40B5}.DLL Debug - DLL Windows SSPI|x64.Build.0 = Debug|x64
		{E798F469-96F1-BC24-1ABE-D8C3C25A40B5}.DLL Debug|Win32.ActiveCfg = Debug|Win32
		{E798F469-96F1-BC24-1ABE-D8C3C25A40B5}.DLL Debug|Win32.Build.0 = Debug|Win32
		{E798F469-96F1-BC24-1ABE-D8C3C25A40B5}.DLL Debug|x64.ActiveCfg = Debug|x64
		{E798F469-96F1-BC24-1ABE-D8C3C25A40B5}.DLL Debug|x64.Build.0 = Debug|x64
		{E798F469-96F1-BC24-1ABE-D8C3C25A40B5}.DLL Release - DLL OpenSSL - DLL LibSSH2|Win32.ActiveCfg = Release|x64
		{E798F469-96F1-BC24-1ABE-D8C3C25A40B5}.DLL Release - DLL OpenSSL - DLL LibSSH2|x64.ActiveCfg = Release|x64
		{E798F469-96F1-BC24-1ABE-D8C3C25A40B5}.DLL Release - DLL OpenSSL - DLL LibSSH2|x64.Build.0 = Release|x64
		{E798F469-96F1-BC24-1ABE-D8C3C25A40B5}.DLL Release - DLL OpenSSL|Win32.ActiveCfg = Release|x64
		{E798F469-96F1-BC24-1ABE-D8C3C25A40B5}.DLL Release - DLL OpenSSL|x64.ActiveCfg = Release|x64
		{E798F469-96F1-BC24-1ABE-D8C3C25A40B5}.DLL Release - DLL OpenSSL|x64.Build.0 = Release|x64
		{E798F469-96F1-BC24-1ABE-D8C3C25A40B5}.DLL Release - DLL Windows SSPI|Win32.ActiveCfg = Release|x64
		{E798F469-96F1-BC24-1ABE-D8C3C25A40B5}.DLL Release - DLL Windows SSPI|x64.ActiveCfg = Release|x64
		{E798F469-96F1-BC24-1ABE-D8C3C25A40B5}.DLL Release - DLL Windows SSPI|x64.Build.0 = Release|x64
		{E798F469-96F1-BC24-1ABE-D8C3C25A40B5}.DLL Release|Win32.ActiveCfg = Release|Win32
		{E798F469-96F1-BC24-1ABE-D8C3C25A40B5}.DLL Release|Win32.Build.0 = Release|Win32
		{E798F469-96F1-BC24-1ABE-D8C3C25A40B5}.DLL Release|x64.ActiveCfg = Release|x64
		{E798F469-96F1-BC24-1ABE-D8C3C25A40B5}.DLL Release|x64.Build.0 = Release|x64
		{E798F469-96F1-BC24-1ABE-D8C3C25A40B5}.LIB Debug - DLL OpenSSL - DLL LibSSH2|Win32.ActiveCfg = Debug|x64
		{E798F469-96F1-BC24-1ABE-D8C3C25A40B5}.LIB Debug - DLL OpenSSL - DLL LibSSH2|x64.ActiveCfg = Debug|x64
		{E798F469-96F1-BC24-1ABE-D8C3C25A40B5}.LIB Debug - DLL OpenSSL - DLL LibSSH2|x64.Build.0 = Debug|x64
		{E798F469-96F1-BC24-1ABE-D8C3C25A40B5}.LIB Debug - DLL OpenSSL|Win32.ActiveCfg = Debug|x64
		{E798F469-96F1-BC24-1ABE-D8C3C25A40B5}.LIB Debug - DLL OpenSSL|x64.ActiveCfg = Debug|x64
		{E798F469-96F1-BC24-1ABE-D8C3C25A40B5}.LIB Debug - DLL OpenSSL|x64.Build.0 = Debug|x64
		{E798F469-96F1-BC24-1ABE-D8C3C25A40B5}.LIB Debug - DLL Windows SSPI|Win32.ActiveCfg = Debug|x64
		{E798F469-96F1-BC24-1ABE-D8C3C25A40B5}.LIB Debug - DLL Windows SSPI|x64.ActiveCfg = Debug|x64
		{E798F469-96F1-BC24-1ABE-D8C3C25A40B5}.LIB Debug - DLL Windows SSPI|x64.Build.0 = Debug|x64
		{E798F469-96F1-BC24-1ABE-D8C3C25A40B5}.LIB Debug - LIB OpenSSL - LIB LibSSH2|Win32.ActiveCfg = Debug|x64
		{E798F469-96F1-BC24-1ABE-D8C3C25A40B5}.LIB Debug - LIB OpenSSL - LIB LibSSH2|x64.ActiveCfg = Debug|x64
		{E798F469-96F1-BC24-1ABE-D8C3C25A40B5}.LIB Debug - LIB OpenSSL - LIB LibSSH2|x64.Build.0 = Debug|x64
		{E798F469-96F1-BC24-1ABE-D8C3C25A40B5}.LIB Debug - LIB OpenSSL|Win32.ActiveCfg = Debug|x64
		{E798F469-96F1-BC24-1ABE-D8C3C25A40B5}.LIB Debug - LIB OpenSSL|x64.ActiveCfg = Debug|x64
		{E798F469-96F1-BC24-1ABE-D8C3C25A40B5}.LIB Debug - LIB OpenSSL|x64.Build.0 = Debug|x64
		{E798F469-96F1-BC24-1ABE-D8C3C25A40B5}.LIB Debug|Win32.ActiveCfg = Debug|Win32
		{E798F469-96F1-BC24-1ABE-D8C3C25A40B5}.LIB Debug|Win32.Build.0 = Debug|Win32
		{E798F469-96F1-BC24-1ABE-D8C3C25A40B5}.LIB Debug|x64.ActiveCfg = Debug|x64
		{E798F469-96F1-BC24-1ABE-D8C3C25A40B5}.LIB Debug|x64.Build.0 = Debug|x64
		{E798F469-96F1-BC24-1ABE-D8C3C25A40B5}.LIB Release - DLL OpenSSL - DLL LibSSH2|Win32.ActiveCfg = Release|x64
		{E798F469-96F1-BC24-1ABE-D8C3C25A40B5}.LIB Release - DLL OpenSSL - DLL LibSSH2|x64.ActiveCfg = Release|x64
		{E798F469-96F1-BC24-1ABE-D8C3C25A40B5}.LIB Release - DLL OpenSSL - DLL LibSSH2|x64.Build.0 = Release|x64
		{E798F469-96F1-BC24-1ABE-D8C3C25A40B5}.LIB Release - DLL OpenSSL|Win32.ActiveCfg = Release|x64
		{E798F469-96F1-BC24-1ABE-D8C3C25A40B5}.LIB Release - DLL OpenSSL|x64.ActiveCfg = Release|x64
		{E798F469-96F1-BC24-1ABE-D8C3C25A40B5}.LIB Release - DLL OpenSSL|x64.Build.0 = Release|x64
		{E798F469-96F1-BC24-1ABE-D8C3C25A40B5}.LIB Release - DLL Windows SSPI|Win32.ActiveCfg = Release|x64
		{E798F469-96F1-BC24-1ABE-D8C3C25A40B5}.LIB Release - DLL Windows SSPI|x64.ActiveCfg = Release|x64
		{E798F469-96F1-BC24-1ABE-D8C3C25A40B5}.LIB Release - DLL Windows SSPI|x64.Build.0 = Release|x64
		{E798F469-96F1-BC24-1ABE-D8C3C25A40B5}.LIB Release - LIB OpenSSL - LIB LibSSH2|Win32.ActiveCfg = Release|x64
		{E798F469-96F1-BC24-1ABE-D8C3C25A40B5}.LIB Release - LIB OpenSSL - LIB LibSSH2|x64.ActiveCfg = Release|x64
		{E798F469-96F1-BC24-1ABE-D8C3C25A40B5}.LIB Release - LIB OpenSSL - LIB LibSSH2|x64.Build.0 = Release|x64
		{E798F469-96F1-BC24-1ABE-D8C3C25A40B5}.LIB Release - LIB OpenSSL|Win32.ActiveCfg = Release|x64
		{E798F469-96F1-BC24-1ABE-D8C3C25A40B5}.LIB Release - LIB OpenSSL|x64.ActiveCfg = Release|x64
		{E798F469-96F1-BC24-1ABE-D8C3C25A40B5}.LIB Release - LIB OpenSSL|x64.Build.0 = Release|x64
		{E798F469-96F1-BC24-1ABE-D8C3C25A40B5}.LIB Release|Win32.ActiveCfg = Release|Win32
		{E798F469-96F1-BC24-1ABE-D8C3C25A40B5}.LIB Release|Win32.Build.0 = Release|Win32
		{E798F469-96F1-BC24-1ABE-D8C3C25A40B5}.LIB Release|x64.ActiveCfg = Release|x64
		{E798F469-96F1-BC24-1ABE-D8C3C25A40B5}.LIB Release|x64.Build.0 = Release|x64
		{E798F469-96F1-BC24-1ABE-D8C3C25A40B5}.Purify|Win32.ActiveCfg = Debug|x64
		{E798F469-96F1-BC24-1ABE-D8C3C25A40B5}.Purify|x64.ActiveCfg = Debug|x64
		{E798F469-96F1-BC24-1ABE-D8C3C25A40B5}.Purify|x64.Build.0 = Debug|x64
		{E798F469-96F1-BC24-1ABE-D8C3C25A40B5}.Release|Win32.ActiveCfg = Release|Win32
		{E798F469-96F1-BC24-1ABE-D8C3C25A40B5}.Release|Win32.Build.0 = Release|Win32
		{E798F469-96F1-BC24-1ABE-D8C3C25A40B5}.Release|x64.ActiveCfg = Release|x64
		{E798F469-96F1-BC24-1ABE-D8C3C25A40B5}.Release|x64.Build.0 = Release|x64
		{E798F469-96F1-BC24-1ABE-D8C3C25A40B5}.WithOpenPGM|Win32.ActiveCfg = Debug|x64
		{E798F469-96F1-BC24-1ABE-D8C3C25A40B5}.WithOpenPGM|x64.ActiveCfg = Debug|x64
		{E798F469-96F1-BC24-1ABE-D8C3C25A40B5}.WithOpenPGM|x64.Build.0 = Debug|x64
		{A3A84737-5017-4577-B8A2-79429A25B8B6}.Debug|Win32.ActiveCfg = Debug|Win32
		{A3A84737-5017-4577-B8A2-79429A25B8B6}.Debug|Win32.Build.0 = Debug|Win32
		{A3A84737-5017-4577-B8A2-79429A25B8B6}.Debug|x64.ActiveCfg = Debug|Win32
		{A3A84737-5017-4577-B8A2-79429A25B8B6}.DLL Debug - DLL OpenSSL - DLL LibSSH2|Win32.ActiveCfg = Debug|Win32
		{A3A84737-5017-4577-B8A2-79429A25B8B6}.DLL Debug - DLL OpenSSL - DLL LibSSH2|Win32.Build.0 = Debug|Win32
		{A3A84737-5017-4577-B8A2-79429A25B8B6}.DLL Debug - DLL OpenSSL - DLL LibSSH2|x64.ActiveCfg = Debug|Win32
		{A3A84737-5017-4577-B8A2-79429A25B8B6}.DLL Debug - DLL OpenSSL|Win32.ActiveCfg = Debug|Win32
		{A3A84737-5017-4577-B8A2-79429A25B8B6}.DLL Debug - DLL OpenSSL|Win32.Build.0 = Debug|Win32
		{A3A84737-5017-4577-B8A2-79429A25B8B6}.DLL Debug - DLL OpenSSL|x64.ActiveCfg = Debug|Win32
		{A3A84737-5017-4577-B8A2-79429A25B8B6}.DLL Debug - DLL Windows SSPI|Win32.ActiveCfg = Debug|Win32
		{A3A84737-5017-4577-B8A2-79429A25B8B6}.DLL Debug - DLL Windows SSPI|Win32.Build.0 = Debug|Win32
		{A3A84737-5017-4577-B8A2-79429A25B8B6}.DLL Debug - DLL Windows SSPI|x64.ActiveCfg = Debug|Win32
		{A3A84737-5017-4577-B8A2-79429A25B8B6}.DLL Debug|Win32.ActiveCfg = Debug|Win32
		{A3A84737-5017-4577-B8A2-79429A25B8B6}.DLL Debug|Win32.Build.0 = Debug|Win32
		{A3A84737-5017-4577-B8A2-79429A25B8B6}.DLL Debug|x64.ActiveCfg = Debug|Win32
		{A3A84737-5017-4577-B8A2-79429A25B8B6}.DLL Release - DLL OpenSSL - DLL LibSSH2|Win32.ActiveCfg = Release|Win32
		{A3A84737-5017-4577-B8A2-79429A25B8B6}.DLL Release - DLL OpenSSL - DLL LibSSH2|Win32.Build.0 = Release|Win32
		{A3A84737-5017-4577-B8A2-79429A25B8B6}.DLL Release - DLL OpenSSL - DLL LibSSH2|x64.ActiveCfg = Release|Win32
		{A3A84737-5017-4577-B8A2-79429A25B8B6}.DLL Release - DLL OpenSSL|Win32.ActiveCfg = Release|Win32
		{A3A84737-5017-4577-B8A2-79429A25B8B6}.DLL Release - DLL OpenSSL|Win32.Build.0 = Release|Win32
		{A3A84737-5017-4577-B8A2-79429A25B8B6}.DLL Release - DLL OpenSSL|x64.ActiveCfg = Release|Win32
		{A3A84737-5017-4577-B8A2-79429A25B8B6}.DLL Release - DLL Windows SSPI|Win32.ActiveCfg = Release|Win32
		{A3A84737-5017-4577-B8A2-79429A25B8B6}.DLL Release - DLL Windows SSPI|Win32.Build.0 = Release|Win32
		{A3A84737-5017-4577-B8A2-79429A25B8B6}.DLL Release - DLL Windows SSPI|x64.ActiveCfg = Release|Win32
		{A3A84737-5017-4577-B8A2-79429A25B8B6}.DLL Release|Win32.ActiveCfg = Release|Win32
		{A3A84737-5017-4577-B8A2-79429A25B8B6}.DLL Release|Win32.Build.0 = Release|Win32
		{A3A84737-5017-4577-B8A2-79429A25B8B6}.DLL Release|x64.ActiveCfg = Release|Win32
		{A3A84737-5017-4577-B8A2-79429A25B8B6}.LIB Debug - DLL OpenSSL - DLL LibSSH2|Win32.ActiveCfg = Debug|Win32
		{A3A84737-5017-4577-B8A2-79429A25B8B6}.LIB Debug - DLL OpenSSL - DLL LibSSH2|Win32.Build.0 = Debug|Win32
		{A3A84737-5017-4577-B8A2-79429A25B8B6}.LIB Debug - DLL OpenSSL - DLL LibSSH2|x64.ActiveCfg = Debug|Win32
		{A3A84737-5017-4577-B8A2-79429A25B8B6}.LIB Debug - DLL OpenSSL|Win32.ActiveCfg = Debug|Win32
		{A3A84737-5017-4577-B8A2-79429A25B8B6}.LIB Debug - DLL OpenSSL|Win32.Build.0 = Debug|Win32
		{A3A84737-5017-4577-B8A2-79429A25B8B6}.LIB Debug - DLL OpenSSL|x64.ActiveCfg = Debug|Win32
		{A3A84737-5017-4577-B8A2-79429A25B8B6}.LIB Debug - DLL Windows SSPI|Win32.ActiveCfg = Debug|Win32
		{A3A84737-5017-4577-B8A2-79429A25B8B6}.LIB Debug - DLL Windows SSPI|Win32.Build.0 = Debug|Win32
		{A3A84737-5017-4577-B8A2-79429A25B8B6}.LIB Debug - DLL Windows SSPI|x64.ActiveCfg = Debug|Win32
		{A3A84737-5017-4577-B8A2-79429A25B8B6}.LIB Debug - LIB OpenSSL - LIB LibSSH2|Win32.ActiveCfg = Debug|Win32
		{A3A84737-5017-4577-B8A2-79429A25B8B6}.LIB Debug - LIB OpenSSL - LIB LibSSH2|Win32.Build.0 = Debug|Win32
		{A3A84737-5017-4577-B8A2-79429A25B8B6}.LIB Debug - LIB OpenSSL - LIB LibSSH2|x64.ActiveCfg = Debug|Win32
		{A3A84737-5017-4577-B8A2-79429A25B8B6}.LIB Debug - LIB OpenSSL|Win32.ActiveCfg = Debug|Win32
		{A3A84737-5017-4577-B8A2-79429A25B8B6}.LIB Debug - LIB OpenSSL|Win32.Build.0 = Debug|Win32
		{A3A84737-5017-4577-B8A2-79429A25B8B6}.LIB Debug - LIB OpenSSL|x64.ActiveCfg = Debug|Win32
		{A3A84737-5017-4577-B8A2-79429A25B8B6}.LIB Debug|Win32.ActiveCfg = Debug|Win32
		{A3A84737-5017-4577-B8A2-79429A25B8B6}.LIB Debug|Win32.Build.0 = Debug|Win32
		{A3A84737-5017-4577-B8A2-79429A25B8B6}.LIB Debug|x64.ActiveCfg = Debug|Win32
		{A3A84737-5017-4577-B8A2-79429A25B8B6}.LIB Release - DLL OpenSSL - DLL LibSSH2|Win32.ActiveCfg = Release|Win32
		{A3A84737-5017-4577-B8A2-79429A25B8B6}.LIB Release - DLL OpenSSL - DLL LibSSH2|Win32.Build.0 = Release|Win32
		{A3A84737-5017-4577-B8A2-79429A25B8B6}.LIB Release - DLL OpenSSL - DLL LibSSH2|x64.ActiveCfg = Release|Win32
		{A3A84737-5017-4577-B8A2-79429A25B8B6}.LIB Release - DLL OpenSSL|Win32.ActiveCfg = Release|Win32
		{A3A84737-5017-4577-B8A2-79429A25B8B6}.LIB Release - DLL OpenSSL|Win32.Build.0 = Release|Win32
		{A3A84737-5017-4577-B8A2-79429A25B8B6}.LIB Release - DLL OpenSSL|x64.ActiveCfg = Release|Win32
		{A3A84737-5017-4577-B8A2-79429A25B8B6}.LIB Release - DLL Windows SSPI|Win32.ActiveCfg = Release|Win32
		{A3A84737-5017-4577-B8A2-79429A25B8B6}.LIB Release - DLL Windows SSPI|Win32.Build.0 = Release|Win32
		{A3A84737-5017-4577-B8A2-79429A25B8B6}.LIB Release - DLL Windows SSPI|x64.ActiveCfg = Release|Win32
		{A3A84737-5017-4577-B8A2-79429A25B8B6}.LIB Release - LIB OpenSSL - LIB LibSSH2|Win32.ActiveCfg = Release|Win32
		{A3A84737-5017-4577-B8A2-79429A25B8B6}.LIB Release - LIB OpenSSL - LIB LibSSH2|Win32.Build.0 = Release|Win32
		{A3A84737-5017-4577-B8A2-79429A25B8B6}.LIB Release - LIB OpenSSL - LIB LibSSH2|x64.ActiveCfg = Release|Win32
		{A3A84737-5017-4577-B8A2-79429A25B8B6}.LIB Release - LIB OpenSSL|Win32.ActiveCfg = Release|Win32
		{A3A84737-5017-4577-B8A2-79429A25B8B6}.LIB Release - LIB OpenSSL|Win32.Build.0 = Release|Win32
		{A3A84737-5017-4577-B8A2-79429A25B8B6}.LIB Release - LIB OpenSSL|x64.ActiveCfg = Release|Win32
		{A3A84737-5017-4577-B8A2-79429A25B8B6}.LIB Release|Win32.ActiveCfg = Release|Win32
		{A3A84737-5017-4577-B8A2-79429A25B8B6}.LIB Release|Win32.Build.0 = Release|Win32
		{A3A84737-5017-4577-B8A2-79429A25B8B6}.LIB Release|x64.ActiveCfg = Release|Win32
		{A3A84737-5017-4577-B8A2-79429A25B8B6}.Purify|Win32.ActiveCfg = Release|Win32
		{A3A84737-5017-4577-B8A2-79429A25B8B6}.Purify|Win32.Build.0 = Release|Win32
		{A3A84737-5017-4577-B8A2-79429A25B8B6}.Purify|x64.ActiveCfg = Release|Win32
		{A3A84737-5017-4577-B8A2-79429A25B8B6}.Release|Win32.ActiveCfg = Release|Win32
		{A3A84737-5017-4577-B8A2-79429A25B8B6}.Release|Win32.Build.0 = Release|Win32
		{A3A84737-5017-4577-B8A2-79429A25B8B6}.Release|x64.ActiveCfg = Release|Win32
		{A3A84737-5017-4577-B8A2-79429A25B8B6}.WithOpenPGM|Win32.ActiveCfg = Release|Win32
		{A3A84737-5017-4577-B8A2-79429A25B8B6}.WithOpenPGM|Win32.Build.0 = Release|Win32
		{A3A84737-5017-4577-B8A2-79429A25B8B6}.WithOpenPGM|x64.ActiveCfg = Release|Win32
		{B2A0D123-FAC5-4848-BF21-F9BCAEEDF006}.Debug|Win32.ActiveCfg = Debug|Win32
		{B2A0D123-FAC5-4848-BF21-F9BCAEEDF006}.Debug|Win32.Build.0 = Debug|Win32
		{B2A0D123-FAC5-4848-BF21-F9BCAEEDF006}.Debug|x64.ActiveCfg = Debug|Win32
		{B2A0D123-FAC5-4848-BF21-F9BCAEEDF006}.DLL Debug - DLL OpenSSL - DLL LibSSH2|Win32.ActiveCfg = Debug|Win32
		{B2A0D123-FAC5-4848-BF21-F9BCAEEDF006}.DLL Debug - DLL OpenSSL - DLL LibSSH2|Win32.Build.0 = Debug|Win32
		{B2A0D123-FAC5-4848-BF21-F9BCAEEDF006}.DLL Debug - DLL OpenSSL - DLL LibSSH2|x64.ActiveCfg = Debug|Win32
		{B2A0D123-FAC5-4848-BF21-F9BCAEEDF006}.DLL Debug - DLL OpenSSL|Win32.ActiveCfg = Debug|Win32
		{B2A0D123-FAC5-4848-BF21-F9BCAEEDF006}.DLL Debug - DLL OpenSSL|Win32.Build.0 = Debug|Win32
		{B2A0D123-FAC5-4848-BF21-F9BCAEEDF006}.DLL Debug - DLL OpenSSL|x64.ActiveCfg = Debug|Win32
		{B2A0D123-FAC5-4848-BF21-F9BCAEEDF006}.DLL Debug - DLL Windows SSPI|Win32.ActiveCfg = Debug|Win32
		{B2A0D123-FAC5-4848-BF21-F9BCAEEDF006}.DLL Debug - DLL Windows SSPI|Win32.Build.0 = Debug|Win32
		{B2A0D123-FAC5-4848-BF21-F9BCAEEDF006}.DLL Debug - DLL Windows SSPI|x64.ActiveCfg = Debug|Win32
		{B2A0D123-FAC5-4848-BF21-F9BCAEEDF006}.DLL Debug|Win32.ActiveCfg = Debug|Win32
		{B2A0D123-FAC5-4848-BF21-F9BCAEEDF006}.DLL Debug|Win32.Build.0 = Debug|Win32
		{B2A0D123-FAC5-4848-BF21-F9BCAEEDF006}.DLL Debug|x64.ActiveCfg = Debug|Win32
		{B2A0D123-FAC5-4848-BF21-F9BCAEEDF006}.DLL Release - DLL OpenSSL - DLL LibSSH2|Win32.ActiveCfg = Release|Win32
		{B2A0D123-FAC5-4848-BF21-F9BCAEEDF006}.DLL Release - DLL OpenSSL - DLL LibSSH2|Win32.Build.0 = Release|Win32
		{B2A0D123-FAC5-4848-BF21-F9BCAEEDF006}.DLL Release - DLL OpenSSL - DLL LibSSH2|x64.ActiveCfg = Release|Win32
		{B2A0D123-FAC5-4848-BF21-F9BCAEEDF006}.DLL Release - DLL OpenSSL|Win32.ActiveCfg = Release|Win32
		{B2A0D123-FAC5-4848-BF21-F9BCAEEDF006}.DLL Release - DLL OpenSSL|Win32.Build.0 = Release|Win32
		{B2A0D123-FAC5-4848-BF21-F9BCAEEDF006}.DLL Release - DLL OpenSSL|x64.ActiveCfg = Release|Win32
		{B2A0D123-FAC5-4848-BF21-F9BCAEEDF006}.DLL Release - DLL Windows SSPI|Win32.ActiveCfg = Release|Win32
		{B2A0D123-FAC5-4848-BF21-F9BCAEEDF006}.DLL Release - DLL Windows SSPI|Win32.Build.0 = Release|Win32
		{B2A0D123-FAC5-4848-BF21-F9BCAEEDF006}.DLL Release - DLL Windows SSPI|x64.ActiveCfg = Release|Win32
		{B2A0D123-FAC5-4848-BF21-F9BCAEEDF006}.DLL Release|Win32.ActiveCfg = Release|Win32
		{B2A0D123-FAC5-4848-BF21-F9BCAEEDF006}.DLL Release|Win32.Build.0 = Release|Win32
		{B2A0D123-FAC5-4848-BF21-F9BCAEEDF006}.DLL Release|x64.ActiveCfg = Release|Win32
		{B2A0D123-FAC5-4848-BF21-F9BCAEEDF006}.LIB Debug - DLL OpenSSL - DLL LibSSH2|Win32.ActiveCfg = Debug|Win32
		{B2A0D123-FAC5-4848-BF21-F9BCAEEDF006}.LIB Debug - DLL OpenSSL - DLL LibSSH2|Win32.Build.0 = Debug|Win32
		{B2A0D123-FAC5-4848-BF21-F9BCAEEDF006}.LIB Debug - DLL OpenSSL - DLL LibSSH2|x64.ActiveCfg = Debug|Win32
		{B2A0D123-FAC5-4848-BF21-F9BCAEEDF006}.LIB Debug - DLL OpenSSL|Win32.ActiveCfg = Debug|Win32
		{B2A0D123-FAC5-4848-BF21-F9BCAEEDF006}.LIB Debug - DLL OpenSSL|Win32.Build.0 = Debug|Win32
		{B2A0D123-FAC5-4848-BF21-F9BCAEEDF006}.LIB Debug - DLL OpenSSL|x64.ActiveCfg = Debug|Win32
		{B2A0D123-FAC5-4848-BF21-F9BCAEEDF006}.LIB Debug - DLL Windows SSPI|Win32.ActiveCfg = Debug|Win32
		{B2A0D123-FAC5-4848-BF21-F9BCAEEDF006}.LIB Debug - DLL Windows SSPI|Win32.Build.0 = Debug|Win32
		{B2A0D123-FAC5-4848-BF21-F9BCAEEDF006}.LIB Debug - DLL Windows SSPI|x64.ActiveCfg = Debug|Win32
		{B2A0D123-FAC5-4848-BF21-F9BCAEEDF006}.LIB Debug - LIB OpenSSL - LIB LibSSH2|Win32.ActiveCfg = Debug|Win32
		{B2A0D123-FAC5-4848-BF21-F9BCAEEDF006}.LIB Debug - LIB OpenSSL - LIB LibSSH2|Win32.Build.0 = Debug|Win32
		{B2A0D123-FAC5-4848-BF21-F9BCAEEDF006}.LIB Debug - LIB OpenSSL - LIB LibSSH2|x64.ActiveCfg = Debug|Win32
		{B2A0D123-FAC5-4848-BF21-F9BCAEEDF006}.LIB Debug - LIB OpenSSL|Win32.ActiveCfg = Debug|Win32
		{B2A0D123-FAC5-4848-BF21-F9BCAEEDF006}.LIB Debug - LIB OpenSSL|Win32.Build.0 = Debug|Win32
		{B2A0D123-FAC5-4848-BF21-F9BCAEEDF006}.LIB Debug - LIB OpenSSL|x64.ActiveCfg = Debug|Win32
		{B2A0D123-FAC5-4848-BF21-F9BCAEEDF006}.LIB Debug|Win32.ActiveCfg = Debug|Win32
		{B2A0D123-FAC5-4848-BF21-F9BCAEEDF006}.LIB Debug|Win32.Build.0 = Debug|Win32
		{B2A0D123-FAC5-4848-BF21-F9BCAEEDF006}.LIB Debug|x64.ActiveCfg = Debug|Win32
		{B2A0D123-FAC5-4848-BF21-F9BCAEEDF006}.LIB Release - DLL OpenSSL - DLL LibSSH2|Win32.ActiveCfg = Release|Win32
		{B2A0D123-FAC5-4848-BF21-F9BCAEEDF006}.LIB Release - DLL OpenSSL - DLL LibSSH2|Win32.Build.0 = Release|Win32
		{B2A0D123-FAC5-4848-BF21-F9BCAEEDF006}.LIB Release - DLL OpenSSL - DLL LibSSH2|x64.ActiveCfg = Release|Win32
		{B2A0D123-FAC5-4848-BF21-F9BCAEEDF006}.LIB Release - DLL OpenSSL|Win32.ActiveCfg = Release|Win32
		{B2A0D123-FAC5-4848-BF21-F9BCAEEDF006}.LIB Release - DLL OpenSSL|Win32.Build.0 = Release|Win32
		{B2A0D123-FAC5-4848-BF21-F9BCAEEDF006}.LIB Release - DLL OpenSSL|x64.ActiveCfg = Release|Win32
		{B2A0D123-FAC5-4848-BF21-F9BCAEEDF006}.LIB Release - DLL Windows SSPI|Win32.ActiveCfg = Release|Win32
		{B2A0D123-FAC5-4848-BF21-F9BCAEEDF006}.LIB Release - DLL Windows SSPI|Win32.Build.0 = Release|Win32
		{B2A0D123-FAC5-4848-BF21-F9BCAEEDF006}.LIB Release - DLL Windows SSPI|x64.ActiveCfg = Release|Win32
		{B2A0D123-FAC5-4848-BF21-F9BCAEEDF006}.LIB Release - LIB OpenSSL - LIB LibSSH2|Win32.ActiveCfg = Release|Win32
		{B2A0D123-FAC5-4848-BF21-F9BCAEEDF006}.LIB Release - LIB OpenSSL - LIB LibSSH2|Win32.Build.0 = Release|Win32
		{B2A0D123-FAC5-4848-BF21-F9BCAEEDF006}.LIB Release - LIB OpenSSL - LIB LibSSH2|x64.ActiveCfg = Release|Win32
		{B2A0D123-FAC5-4848-BF21-F9BCAEEDF006}.LIB Release - LIB OpenSSL|Win32.ActiveCfg = Release|Win32
		{B2A0D123-FAC5-4848-BF21-F9BCAEEDF006}.LIB Release - LIB OpenSSL|Win32.Build.0 = Release|Win32
		{B2A0D123-FAC5-4848-BF21-F9BCAEEDF006}.LIB Release - LIB OpenSSL|x64.ActiveCfg = Release|Win32
		{B2A0D123-FAC5-4848-BF21-F9BCAEEDF006}.LIB Release|Win32.ActiveCfg = Release|Win32
		{B2A0D123-FAC5-4848-BF21-F9BCAEEDF006}.LIB Release|Win32.Build.0 = Release|Win32
		{B2A0D123-FAC5-4848-BF21-F9BCAEEDF006}.LIB Release|x64.ActiveCfg = Release|Win32
		{B2A0D123-FAC5-4848-BF21-F9BCAEEDF006}.Purify|Win32.ActiveCfg = Release|Win32
		{B2A0D123-FAC5-4848-BF21-F9BCAEEDF006}.Purify|Win32.Build.0 = Release|Win32
		{B2A0D123-FAC5-4848-BF21-F9BCAEEDF006}.Purify|x64.ActiveCfg = Release|Win32
		{B2A0D123-FAC5-4848-BF21-F9BCAEEDF006}.Release|Win32.ActiveCfg = Release|Win32
		{B2A0D123-FAC5-4848-BF21-F9BCAEEDF006}.Release|Win32.Build.0 = Release|Win32
		{B2A0D123-FAC5-4848-BF21-F9BCAEEDF006}.Release|x64.ActiveCfg = Release|Win32
		{B2A0D123-FAC5-4848-BF21-F9BCAEEDF006}.WithOpenPGM|Win32.ActiveCfg = Release|Win32
		{B2A0D123-FAC5-4848-BF21-F9BCAEEDF006}.WithOpenPGM|Win32.Build.0 = Release|Win32
		{B2A0D123-FAC5-4848-BF21-F9BCAEEDF006}.WithOpenPGM|x64.ActiveCfg = Release|Win32
		{56558867-9775-4998-A441-591E8D2775B7}.Debug|Win32.ActiveCfg = Debug|Win32
		{56558867-9775-4998-A441-591E8D2775B7}.Debug|Win32.Build.0 = Debug|Win32
		{56558867-9775-4998-A441-591E8D2775B7}.Debug|x64.ActiveCfg = Debug|Win32
		{56558867-9775-4998-A441-591E8D2775B7}.DLL Debug - DLL OpenSSL - DLL LibSSH2|Win32.ActiveCfg = Debug|Win32
		{56558867-9775-4998-A441-591E8D2775B7}.DLL Debug - DLL OpenSSL - DLL LibSSH2|Win32.Build.0 = Debug|Win32
		{56558867-9775-4998-A441-591E8D2775B7}.DLL Debug - DLL OpenSSL - DLL LibSSH2|x64.ActiveCfg = Debug|Win32
		{56558867-9775-4998-A441-591E8D2775B7}.DLL Debug - DLL OpenSSL|Win32.ActiveCfg = Debug|Win32
		{56558867-9775-4998-A441-591E8D2775B7}.DLL Debug - DLL OpenSSL|Win32.Build.0 = Debug|Win32
		{56558867-9775-4998-A441-591E8D2775B7}.DLL Debug - DLL OpenSSL|x64.ActiveCfg = Debug|Win32
		{56558867-9775-4998-A441-591E8D2775B7}.DLL Debug - DLL Windows SSPI|Win32.ActiveCfg = Debug|Win32
		{56558867-9775-4998-A441-591E8D2775B7}.DLL Debug - DLL Windows SSPI|Win32.Build.0 = Debug|Win32
		{56558867-9775-4998-A441-591E8D2775B7}.DLL Debug - DLL Windows SSPI|x64.ActiveCfg = Debug|Win32
		{56558867-9775-4998-A441-591E8D2775B7}.DLL Debug|Win32.ActiveCfg = Debug|Win32
		{56558867-9775-4998-A441-591E8D2775B7}.DLL Debug|Win32.Build.0 = Debug|Win32
		{56558867-9775-4998-A441-591E8D2775B7}.DLL Debug|x64.ActiveCfg = Debug|Win32
		{56558867-9775-4998-A441-591E8D2775B7}.DLL Release - DLL OpenSSL - DLL LibSSH2|Win32.ActiveCfg = Release|Win32
		{56558867-9775-4998-A441-591E8D2775B7}.DLL Release - DLL OpenSSL - DLL LibSSH2|Win32.Build.0 = Release|Win32
		{56558867-9775-4998-A441-591E8D2775B7}.DLL Release - DLL OpenSSL - DLL LibSSH2|x64.ActiveCfg = Release|Win32
		{56558867-9775-4998-A441-591E8D2775B7}.DLL Release - DLL OpenSSL|Win32.ActiveCfg = Release|Win32
		{56558867-9775-4998-A441-591E8D2775B7}.DLL Release - DLL OpenSSL|Win32.Build.0 = Release|Win32
		{56558867-9775-4998-A441-591E8D2775B7}.DLL Release - DLL OpenSSL|x64.ActiveCfg = Release|Win32
		{56558867-9775-4998-A441-591E8D2775B7}.DLL Release - DLL Windows SSPI|Win32.ActiveCfg = Release|Win32
		{56558867-9775-4998-A441-591E8D2775B7}.DLL Release - DLL Windows SSPI|Win32.Build.0 = Release|Win32
		{56558867-9775-4998-A441-591E8D2775B7}.DLL Release - DLL Windows SSPI|x64.ActiveCfg = Release|Win32
		{56558867-9775-4998-A441-591E8D2775B7}.DLL Release|Win32.ActiveCfg = Release|Win32
		{56558867-9775-4998-A441-591E8D2775B7}.DLL Release|Win32.Build.0 = Release|Win32
		{56558867-9775-4998-A441-591E8D2775B7}.DLL Release|x64.ActiveCfg = Release|Win32
		{56558867-9775-4998-A441-591E8D2775B7}.LIB Debug - DLL OpenSSL - DLL LibSSH2|Win32.ActiveCfg = Debug|Win32
		{56558867-9775-4998-A441-591E8D2775B7}.LIB Debug - DLL OpenSSL - DLL LibSSH2|Win32.Build.0 = Debug|Win32
		{56558867-9775-4998-A441-591E8D2775B7}.LIB Debug - DLL OpenSSL - DLL LibSSH2|x64.ActiveCfg = Debug|Win32
		{56558867-9775-4998-A441-591E8D2775B7}.LIB Debug - DLL OpenSSL|Win32.ActiveCfg = Debug|Win32
		{56558867-9775-4998-A441-591E8D2775B7}.LIB Debug - DLL OpenSSL|Win32.Build.0 = Debug|Win32
		{56558867-9775-4998-A441-591E8D2775B7}.LIB Debug - DLL OpenSSL|x64.ActiveCfg = Debug|Win32
		{56558867-9775-4998-A441-591E8D2775B7}.LIB Debug - DLL Windows SSPI|Win32.ActiveCfg = Debug|Win32
		{56558867-9775-4998-A441-591E8D2775B7}.LIB Debug - DLL Windows SSPI|Win32.Build.0 = Debug|Win32
		{56558867-9775-4998-A441-591E8D2775B7}.LIB Debug - DLL Windows SSPI|x64.ActiveCfg = Debug|Win32
		{56558867-9775-4998-A441-591E8D2775B7}.LIB Debug - LIB OpenSSL - LIB LibSSH2|Win32.ActiveCfg = Debug|Win32
		{56558867-9775-4998-A441-591E8D2775B7}.LIB Debug - LIB OpenSSL - LIB LibSSH2|Win32.Build.0 = Debug|Win32
		{56558867-9775-4998-A441-591E8D2775B7}.LIB Debug - LIB OpenSSL - LIB LibSSH2|x64.ActiveCfg = Debug|Win32
		{56558867-9775-4998-A441-591E8D2775B7}.LIB Debug - LIB OpenSSL|Win32.ActiveCfg = Debug|Win32
		{56558867-9775-4998-A441-591E8D2775B7}.LIB Debug - LIB OpenSSL|Win32.Build.0 = Debug|Win32
		{56558867-9775-4998-A441-591E8D2775B7}.LIB Debug - LIB OpenSSL|x64.ActiveCfg = Debug|Win32
		{56558867-9775-4998-A441-591E8D2775B7}.LIB Debug|Win32.ActiveCfg = Debug|Win32
		{56558867-9775-4998-A441-591E8D2775B7}.LIB Debug|Win32.Build.0 = Debug|Win32
		{56558867-9775-4998-A441-591E8D2775B7}.LIB Debug|x64.ActiveCfg = Debug|Win32
		{56558867-9775-4998-A441-591E8D2775B7}.LIB Release - DLL OpenSSL - DLL LibSSH2|Win32.ActiveCfg = Release|Win32
		{56558867-9775-4998-A441-591E8D2775B7}.LIB Release - DLL OpenSSL - DLL LibSSH2|Win32.Build.0 = Release|Win32
		{56558867-9775-4998-A441-591E8D2775B7}.LIB Release - DLL OpenSSL - DLL LibSSH2|x64.ActiveCfg = Release|Win32
		{56558867-9775-4998-A441-591E8D2775B7}.LIB Release - DLL OpenSSL|Win32.ActiveCfg = Release|Win32
		{56558867-9775-4998-A441-591E8D2775B7}.LIB Release - DLL OpenSSL|Win32.Build.0 = Release|Win32
		{56558867-9775-4998-A441-591E8D2775B7}.LIB Release - DLL OpenSSL|x64.ActiveCfg = Release|Win32
		{56558867-9775-4998-A441-591E8D2775B7}.LIB Release - DLL Windows SSPI|Win32.ActiveCfg = Release|Win32
		{56558867-9775-4998-A441-591E8D2775B7}.LIB Release - DLL Windows SSPI|Win32.Build.0 = Release|Win32
		{56558867-9775-4998-A441-591E8D2775B7}.LIB Release - DLL Windows SSPI|x64.ActiveCfg = Release|Win32
		{56558867-9775-4998-A441-591E8D2775B7}.LIB Release - LIB OpenSSL - LIB LibSSH2|Win32.ActiveCfg = Release|Win32
		{56558867-9775-4998-A441-591E8D2775B7}.LIB Release - LIB OpenSSL - LIB LibSSH2|Win32.Build.0 = Release|Win32
		{56558867-9775-4998-A441-591E8D2775B7}.LIB Release - LIB OpenSSL - LIB LibSSH2|x64.ActiveCfg = Release|Win32
		{56558867-9775-4998-A441-591E8D2775B7}.LIB Release - LIB OpenSSL|Win32.ActiveCfg = Release|Win32
		{56558867-9775-4998-A441-591E8D2775B7}.LIB Release - LIB OpenSSL|Win32.Build.0 = Release|Win32
		{56558867-9775-4998-A441-591E8D2775B7}.LIB Release - LIB OpenSSL|x64.ActiveCfg = Release|Win32
		{56558867-9775-4998-A441-591E8D2775B7}.LIB Release|Win32.ActiveCfg = Release|Win32
		{56558867-9775-4998-A441-591E8D2775B7}.LIB Release|Win32.Build.0 = Release|Win32
		{56558867-9775-4998-A441-591E8D2775B7}.LIB Release|x64.ActiveCfg = Release|Win32
		{56558867-9775-4998-A441-591E8D2775B7}.Purify|Win32.ActiveCfg = Release|Win32
		{56558867-9775-4998-A441-591E8D2775B7}.Purify|Win32.Build.0 = Release|Win32
		{56558867-9775-4998-A441-591E8D2775B7}.Purify|x64.ActiveCfg = Release|Win32
		{56558867-9775-4998-A441-591E8D2775B7}.Release|Win32.ActiveCfg = Release|Win32
		{56558867-9775-4998-A441-591E8D2775B7}.Release|Win32.Build.0 = Release|Win32
		{56558867-9775-4998-A441-591E8D2775B7}.Release|x64.ActiveCfg = Release|Win32
		{56558867-9775-4998-A441-591E8D2775B7}.WithOpenPGM|Win32.ActiveCfg = Release|Win32
		{56558867-9775-4998-A441-591E8D2775B7}.WithOpenPGM|Win32.Build.0 = Release|Win32
		{56558867-9775-4998-A441-591E8D2775B7}.WithOpenPGM|x64.ActiveCfg = Release|Win32
		{E87CE0C5-E05A-41EF-8266-CAC48ABE3DE7}.Debug|Win32.ActiveCfg = Debug|Win32
		{E87CE0C5-E05A-41EF-8266-CAC48ABE3DE7}.Debug|Win32.Build.0 = Debug|Win32
		{E87CE0C5-E05A-41EF-8266-CAC48ABE3DE7}.Debug|x64.ActiveCfg = Debug|Win32
		{E87CE0C5-E05A-41EF-8266-CAC48ABE3DE7}.DLL Debug - DLL OpenSSL - DLL LibSSH2|Win32.ActiveCfg = Debug|Win32
		{E87CE0C5-E05A-41EF-8266-CAC48ABE3DE7}.DLL Debug - DLL OpenSSL - DLL LibSSH2|Win32.Build.0 = Debug|Win32
		{E87CE0C5-E05A-41EF-8266-CAC48ABE3DE7}.DLL Debug - DLL OpenSSL - DLL LibSSH2|x64.ActiveCfg = Debug|Win32
		{E87CE0C5-E05A-41EF-8266-CAC48ABE3DE7}.DLL Debug - DLL OpenSSL|Win32.ActiveCfg = Debug|Win32
		{E87CE0C5-E05A-41EF-8266-CAC48ABE3DE7}.DLL Debug - DLL OpenSSL|Win32.Build.0 = Debug|Win32
		{E87CE0C5-E05A-41EF-8266-CAC48ABE3DE7}.DLL Debug - DLL OpenSSL|x64.ActiveCfg = Debug|Win32
		{E87CE0C5-E05A-41EF-8266-CAC48ABE3DE7}.DLL Debug - DLL Windows SSPI|Win32.ActiveCfg = Debug|Win32
		{E87CE0C5-E05A-41EF-8266-CAC48ABE3DE7}.DLL Debug - DLL Windows SSPI|Win32.Build.0 = Debug|Win32
		{E87CE0C5-E05A-41EF-8266-CAC48ABE3DE7}.DLL Debug - DLL Windows SSPI|x64.ActiveCfg = Debug|Win32
		{E87CE0C5-E05A-41EF-8266-CAC48ABE3DE7}.DLL Debug|Win32.ActiveCfg = Debug|Win32
		{E87CE0C5-E05A-41EF-8266-CAC48ABE3DE7}.DLL Debug|Win32.Build.0 = Debug|Win32
		{E87CE0C5-E05A-41EF-8266-CAC48ABE3DE7}.DLL Debug|x64.ActiveCfg = Debug|Win32
		{E87CE0C5-E05A-41EF-8266-CAC48ABE3DE7}.DLL Release - DLL OpenSSL - DLL LibSSH2|Win32.ActiveCfg = Release|Win32
		{E87CE0C5-E05A-41EF-8266-CAC48ABE3DE7}.DLL Release - DLL OpenSSL - DLL LibSSH2|Win32.Build.0 = Release|Win32
		{E87CE0C5-E05A-41EF-8266-CAC48ABE3DE7}.DLL Release - DLL OpenSSL - DLL LibSSH2|x64.ActiveCfg = Release|Win32
		{E87CE0C5-E05A-41EF-8266-CAC48ABE3DE7}.DLL Release - DLL OpenSSL|Win32.ActiveCfg = Release|Win32
		{E87CE0C5-E05A-41EF-8266-CAC48ABE3DE7}.DLL Release - DLL OpenSSL|Win32.Build.0 = Release|Win32
		{E87CE0C5-E05A-41EF-8266-CAC48ABE3DE7}.DLL Release - DLL OpenSSL|x64.ActiveCfg = Release|Win32
		{E87CE0C5-E05A-41EF-8266-CAC48ABE3DE7}.DLL Release - DLL Windows SSPI|Win32.ActiveCfg = Release|Win32
		{E87CE0C5-E05A-41EF-8266-CAC48ABE3DE7}.DLL Release - DLL Windows SSPI|Win32.Build.0 = Release|Win32
		{E87CE0C5-E05A-41EF-8266-CAC48ABE3DE7}.DLL Release - DLL Windows SSPI|x64.ActiveCfg = Release|Win32
		{E87CE0C5-E05A-41EF-8266-CAC48ABE3DE7}.DLL Release|Win32.ActiveCfg = Release|Win32
		{E87CE0C5-E05A-41EF-8266-CAC48ABE3DE7}.DLL Release|Win32.Build.0 = Release|Win32
		{E87CE0C5-E05A-41EF-8266-CAC48ABE3DE7}.DLL Release|x64.ActiveCfg = Release|Win32
		{E87CE0C5-E05A-41EF-8266-CAC48ABE3DE7}.LIB Debug - DLL OpenSSL - DLL LibSSH2|Win32.ActiveCfg = Debug|Win32
		{E87CE0C5-E05A-41EF-8266-CAC48ABE3DE7}.LIB Debug - DLL OpenSSL - DLL LibSSH2|Win32.Build.0 = Debug|Win32
		{E87CE0C5-E05A-41EF-8266-CAC48ABE3DE7}.LIB Debug - DLL OpenSSL - DLL LibSSH2|x64.ActiveCfg = Debug|Win32
		{E87CE0C5-E05A-41EF-8266-CAC48ABE3DE7}.LIB Debug - DLL OpenSSL|Win32.ActiveCfg = Debug|Win32
		{E87CE0C5-E05A-41EF-8266-CAC48ABE3DE7}.LIB Debug - DLL OpenSSL|Win32.Build.0 = Debug|Win32
		{E87CE0C5-E05A-41EF-8266-CAC48ABE3DE7}.LIB Debug - DLL OpenSSL|x64.ActiveCfg = Debug|Win32
		{E87CE0C5-E05A-41EF-8266-CAC48ABE3DE7}.LIB Debug - DLL Windows SSPI|Win32.ActiveCfg = Debug|Win32
		{E87CE0C5-E05A-41EF-8266-CAC48ABE3DE7}.LIB Debug - DLL Windows SSPI|Win32.Build.0 = Debug|Win32
		{E87CE0C5-E05A-41EF-8266-CAC48ABE3DE7}.LIB Debug - DLL Windows SSPI|x64.ActiveCfg = Debug|Win32
		{E87CE0C5-E05A-41EF-8266-CAC48ABE3DE7}.LIB Debug - LIB OpenSSL - LIB LibSSH2|Win32.ActiveCfg = Debug|Win32
		{E87CE0C5-E05A-41EF-8266-CAC48ABE3DE7}.LIB Debug - LIB OpenSSL - LIB LibSSH2|Win32.Build.0 = Debug|Win32
		{E87CE0C5-E05A-41EF-8266-CAC48ABE3DE7}.LIB Debug - LIB OpenSSL - LIB LibSSH2|x64.ActiveCfg = Debug|Win32
		{E87CE0C5-E05A-41EF-8266-CAC48ABE3DE7}.LIB Debug - LIB OpenSSL|Win32.ActiveCfg = Debug|Win32
		{E87CE0C5-E05A-41EF-8266-CAC48ABE3DE7}.LIB Debug - LIB OpenSSL|Win32.Build.0 = Debug|Win32
		{E87CE0C5-E05A-41EF-8266-CAC48ABE3DE7}.LIB Debug - LIB OpenSSL|x64.ActiveCfg = Debug|Win32
		{E87CE0C5-E05A-41EF-8266-CAC48ABE3DE7}.LIB Debug|Win32.ActiveCfg = Debug|Win32
		{E87CE0C5-E05A-41EF-8266-CAC48ABE3DE7}.LIB Debug|Win32.Build.0 = Debug|Win32
		{E87CE0C5-E05A-41EF-8266-CAC48ABE3DE7}.LIB Debug|x64.ActiveCfg = Debug|Win32
		{E87CE0C5-E05A-41EF-8266-CAC48ABE3DE7}.LIB Release - DLL OpenSSL - DLL LibSSH2|Win32.ActiveCfg = Release|Win32
		{E87CE0C5-E05A-41EF-8266-CAC48ABE3DE7}.LIB Release - DLL OpenSSL - DLL LibSSH2|Win32.Build.0 = Release|Win32
		{E87CE0C5-E05A-41EF-8266-CAC48ABE3DE7}.LIB Release - DLL OpenSSL - DLL LibSSH2|x64.ActiveCfg = Release|Win32
		{E87CE0C5-E05A-41EF-8266-CAC48ABE3DE7}.LIB Release - DLL OpenSSL|Win32.ActiveCfg = Release|Win32
		{E87CE0C5-E05A-41EF-8266-CAC48ABE3DE7}.LIB Release - DLL OpenSSL|Win32.Build.0 = Release|Win32
		{E87CE0C5-E05A-41EF-8266-CAC48ABE3DE7}.LIB Release - DLL OpenSSL|x64.ActiveCfg = Release|Win32
		{E87CE0C5-E05A-41EF-8266-CAC48ABE3DE7}.LIB Release - DLL Windows SSPI|Win32.ActiveCfg = Release|Win32
		{E87CE0C5-E05A-41EF-8266-CAC48ABE3DE7}.LIB Release - DLL Windows SSPI|Win32.Build.0 = Release|Win32
		{E87CE0C5-E05A-41EF-8266-CAC48ABE3DE7}.LIB Release - DLL Windows SSPI|x64.ActiveCfg = Release|Win32
		{E87CE0C5-E05A-41EF-8266-CAC48ABE3DE7}.LIB Release - LIB OpenSSL - LIB LibSSH2|Win32.ActiveCfg = Release|Win32
		{E87CE0C5-E05A-41EF-8266-CAC48ABE3DE7}.LIB Release - LIB OpenSSL - LIB LibSSH2|Win32.Build.0 = Release|Win32
		{E87CE0C5-E05A-41EF-8266-CAC48ABE3DE7}.LIB Release - LIB OpenSSL - LIB LibSSH2|x64.ActiveCfg = Release|Win32
		{E87CE0C5-E05A-41EF-8266-CAC48ABE3DE7}.LIB Release - LIB OpenSSL|Win32.ActiveCfg = Release|Win32
		{E87CE0C5-E05A-41EF-8266-CAC48ABE3DE7}.LIB Release - LIB OpenSSL|Win32.Build.0 = Release|Win32
		{E87CE0C5-E05A-41EF-8266-CAC48ABE3DE7}.LIB Release - LIB OpenSSL|x64.ActiveCfg = Release|Win32
		{E87CE0C5-E05A-41EF-8266-CAC48ABE3DE7}.LIB Release|Win32.ActiveCfg = Release|Win32
		{E87CE0C5-E05A-41EF-8266-CAC48ABE3DE7}.LIB Release|Win32.Build.0 = Release|Win32
		{E87CE0C5-E05A-41EF-8266-CAC48ABE3DE7}.LIB Release|x64.ActiveCfg = Release|Win32
		{E87CE0C5-E05A-41EF-8266-CAC48ABE3DE7}.Purify|Win32.ActiveCfg = Release|Win32
		{E87CE0C5-E05A-41EF-8266-CAC48ABE3DE7}.Purify|Win32.Build.0 = Release|Win32
		{E87CE0C5-E05A-41EF-8266-CAC48ABE3DE7}.Purify|x64.ActiveCfg = Release|Win32
		{E87CE0C5-E05A-41EF-8266-CAC48ABE3DE7}.Release|Win32.ActiveCfg = Release|Win32
		{E87CE0C5-E05A-41EF-8266-CAC48ABE3DE7}.Release|Win32.Build.0 = Release|Win32
		{E87CE0C5-E05A-41EF-8266-CAC48ABE3DE7}.Release|x64.ActiveCfg = Release|Win32
		{E87CE0C5-E05A-41EF-8266-CAC48ABE3DE7}.WithOpenPGM|Win32.ActiveCfg = Release|Win32
		{E87CE0C5-E05A-41EF-8266-CAC48ABE3DE7}.WithOpenPGM|Win32.Build.0 = Release|Win32
		{E87CE0C5-E05A-41EF-8266-CAC48ABE3DE7}.WithOpenPGM|x64.ActiveCfg = Release|Win32
	EndGlobalSection
	GlobalSection(SolutionProperties) = preSolution
		HideSolutionNode = FALSE
	EndGlobalSection
	GlobalSection(NestedProjects) = preSolution
		{E92D648B-4372-4BAF-91B1-4E20BEB257CD} = {3E88F339-82AE-4B88-B780-5FB7A48F81B9}
		{3B0E5FD2-E5C1-4DAD-8698-A4CD1F0101B9} = {3E88F339-82AE-4B88-B780-5FB7A48F81B9}
		{8C1B25CA-2D7D-415F-A6B5-70E90E928E63} = {3E88F339-82AE-4B88-B780-5FB7A48F81B9}
		{9D4AE8AD-73D9-4292-903D-66F58F92B8C5} = {3E88F339-82AE-4B88-B780-5FB7A48F81B9}
		{B2A0D123-FAC5-4848-BF21-F9BCAEEDF006} = {3E88F339-82AE-4B88-B780-5FB7A48F81B9}
		{E87CE0C5-E05A-41EF-8266-CAC48ABE3DE7} = {3E88F339-82AE-4B88-B780-5FB7A48F81B9}
		{43807E9E-3D83-E8E4-8CD1-13E98FFC6045} = {9D4AE8AD-73D9-4292-903D-66F58F92B8C5}
		{E798F469-96F1-BC24-1ABE-D8C3C25A40B5} = {9D4AE8AD-73D9-4292-903D-66F58F92B8C5}
		{A3A84737-5017-4577-B8A2-79429A25B8B6} = {9D4AE8AD-73D9-4292-903D-66F58F92B8C5}
		{56558867-9775-4998-A441-591E8D2775B7} = {9D4AE8AD-73D9-4292-903D-66F58F92B8C5}
	EndGlobalSection
EndGlobal
