Microsoft Visual Studio Solution File, Format Version 10.00
# Visual Studio 2008
Project("{8BC9CEB8-8B4A-11D0-8D11-00A0C91BC942}") = "gtest", "gtest.vcproj", "{639EBF6E-931C-45F2-A799-7E8B5209ADF3}"
	ProjectSection(ProjectDependencies) = postProject
		{DE9CB625-0E6A-F4C2-EFDA-84BE9C1DA94B} = {DE9CB625-0E6A-F4C2-EFDA-84BE9C1DA94B}
	EndProjectSection
EndProject
Project("{8BC9CEB8-8B4A-11D0-8D11-00A0C91BC942}") = "gtest_main", "gtest_main.vcproj", "{738D6C00-8DC6-C8C2-DED4-703BC35F63F1}"
EndProject
Project("{8BC9CEB8-8B4A-11D0-8D11-00A0C91BC942}") = "gtest_prod", "gtest_prod.vcproj", "{DE9CB625-0E6A-F4C2-EFDA-84BE9C1DA94B}"
EndProject
Global
	GlobalSection(SolutionConfigurationPlatforms) = preSolution
		Release|x64 = Release|x64
		Debug|Win32 = Debug|Win32
		Debug|x64 = Debug|x64
		Release|Win32 = Release|Win32
	EndGlobalSection
	GlobalSection(ProjectConfigurationPlatforms) = postSolution
		{639EBF6E-931C-45F2-A799-7E8B5209ADF3}.Release|x64.ActiveCfg = Release|x64
		{639EBF6E-931C-45F2-A799-7E8B5209ADF3}.Release|x64.Build.0 = Release|x64
		{639EBF6E-931C-45F2-A799-7E8B5209ADF3}.Debug|Win32.ActiveCfg = Debug|Win32
		{639EBF6E-931C-45F2-A799-7E8B5209ADF3}.Debug|Win32.Build.0 = Debug|Win32
		{639EBF6E-931C-45F2-A799-7E8B5209ADF3}.Debug|x64.ActiveCfg = Debug|x64
		{639EBF6E-931C-45F2-A799-7E8B5209ADF3}.Debug|x64.Build.0 = Debug|x64
		{639EBF6E-931C-45F2-A799-7E8B5209ADF3}.Release|Win32.ActiveCfg = Release|Win32
		{639EBF6E-931C-45F2-A799-7E8B5209ADF3}.Release|Win32.Build.0 = Release|Win32
		{738D6C00-8DC6-C8C2-DED4-703BC35F63F1}.Release|x64.ActiveCfg = Release|x64
		{738D6C00-8DC6-C8C2-DED4-703BC35F63F1}.Release|x64.Build.0 = Release|x64
		{738D6C00-8DC6-C8C2-DED4-703BC35F63F1}.Debug|Win32.ActiveCfg = Debug|Win32
		{738D6C00-8DC6-C8C2-DED4-703BC35F63F1}.Debug|Win32.Build.0 = Debug|Win32
		{738D6C00-8DC6-C8C2-DED4-703BC35F63F1}.Debug|x64.ActiveCfg = Debug|x64
		{738D6C00-8DC6-C8C2-DED4-703BC35F63F1}.Debug|x64.Build.0 = Debug|x64
		{738D6C00-8DC6-C8C2-DED4-703BC35F63F1}.Release|Win32.ActiveCfg = Release|Win32
		{738D6C00-8DC6-C8C2-DED4-703BC35F63F1}.Release|Win32.Build.0 = Release|Win32
		{DE9CB625-0E6A-F4C2-EFDA-84BE9C1DA94B}.Release|x64.ActiveCfg = Release|x64
		{DE9CB625-0E6A-F4C2-EFDA-84BE9C1DA94B}.Release|x64.Build.0 = Release|x64
		{DE9CB625-0E6A-F4C2-EFDA-84BE9C1DA94B}.Debug|Win32.ActiveCfg = Debug|Win32
		{DE9CB625-0E6A-F4C2-EFDA-84BE9C1DA94B}.Debug|Win32.Build.0 = Debug|Win32
		{DE9CB625-0E6A-F4C2-EFDA-84BE9C1DA94B}.Debug|x64.ActiveCfg = Debug|x64
		{DE9CB625-0E6A-F4C2-EFDA-84BE9C1DA94B}.Debug|x64.Build.0 = Debug|x64
		{DE9CB625-0E6A-F4C2-EFDA-84BE9C1DA94B}.Release|Win32.ActiveCfg = Release|Win32
		{DE9CB625-0E6A-F4C2-EFDA-84BE9C1DA94B}.Release|Win32.Build.0 = Release|Win32
	EndGlobalSection
	GlobalSection(SolutionProperties) = preSolution
		HideSolutionNode = FALSE
	EndGlobalSection
	GlobalSection(NestedProjects) = preSolution
	EndGlobalSection
EndGlobal
